PODS:
  - CocoaTouchHelpers (0.0.1):
    - Reachability
  - Crashlytics (3.3.3)
  - Fabric (1.5.3):
    - Fabric/Base (= 1.5.3)
  - Fabric/Base (1.5.3)
  - Reachability (3.2)
  - UIImageH568 (0.0.1)

DEPENDENCIES:
  - CocoaTouchHelpers (from `https://github.com/felipowsky/CocoaTouchHelpers.git`)
  - Crashlytics
  - Fabric
  - UIImageH568 (from `https://github.com/felipowsky/UIImageH568.git`)

EXTERNAL SOURCES:
  CocoaTouchHelpers:
    :git: https://github.com/felipowsky/CocoaTouchHelpers.git
  UIImageH568:
    :git: https://github.com/felipowsky/UIImageH568.git

CHECKOUT OPTIONS:
  CocoaTouchHelpers:
    :commit: 7f1e641d6ca409c134d9e8375b64a915b7a29d73
    :git: https://github.com/felipowsky/CocoaTouchHelpers.git
  UIImageH568:
    :commit: ea2981319aad912e44ab900ffb4abdd4a763db82
    :git: https://github.com/felipowsky/UIImageH568.git

SPEC CHECKSUMS:
  CocoaTouchHelpers: f1d3c5ebecf0112efe3dca83304371cd03f794d1
  Crashlytics: 9120a5c1515655e57a65e565e2eae8dd326be2e9
  Fabric: 4cd90f112cddd3700ad1b2f6a7f8c025045f0b79
  Reachability: 33e18b67625424e47b6cde6d202dce689ad7af96
  UIImageH568: 1b66c9960bd995efcd7e7d26866a2722dc2054f0

COCOAPODS: 0.38.2
