PODS:
  - CocoaTouchHelpers (0.0.1):
    - Reachability
  - Crashlytics (3.1.1)
  - Fabric (1.4.0):
    - Fabric/Base (= 1.4.0)
  - Fabric/Base (1.4.0)
  - Reachability (3.2)
  - UIImageH568 (0.0.1)

DEPENDENCIES:
  - CocoaTouchHelpers (from `https://github.com/felipowsky/CocoaTouchHelpers.git`)
  - Crashlytics
  - Fabric
  - UIImageH568 (from `https://github.com/felipowsky/UIImageH568.git`)

EXTERNAL SOURCES:
  CocoaTouchHelpers:
    :git: https://github.com/felipowsky/CocoaTouchHelpers.git
  UIImageH568:
    :git: https://github.com/felipowsky/UIImageH568.git

CHECKOUT OPTIONS:
  CocoaTouchHelpers:
    :commit: acbb96dedc98f1d56176716660c01a5699c6cda2
    :git: https://github.com/felipowsky/CocoaTouchHelpers.git
  UIImageH568:
    :commit: ea2981319aad912e44ab900ffb4abdd4a763db82
    :git: https://github.com/felipowsky/UIImageH568.git

SPEC CHECKSUMS:
  CocoaTouchHelpers: f1d3c5ebecf0112efe3dca83304371cd03f794d1
  Crashlytics: 39ab395565bc03c29cdecd2b9d103ebf30930c10
  Fabric: 6d1d1c1eaf7ebc76fc3307e2c0259456411baf26
  Reachability: 33e18b67625424e47b6cde6d202dce689ad7af96
  UIImageH568: 1b66c9960bd995efcd7e7d26866a2722dc2054f0

COCOAPODS: 0.38.2
