// !$*UTF8*$!
{
	archiveVersion = 1;
	classes = {
	};
	objectVersion = 46;
	objects = {

/* Begin PBXBuildFile section */
		5D0DFDE315BF90930042AD07 /* GraphicObjectTests.m in Sources */ = {isa = PBXBuildFile; fileRef = 5D0DFDE215BF90930042AD07 /* GraphicObjectTests.m */; };
		5D0DFDF715BF9DEE0042AD07 /* GLKit.framework in Frameworks */ = {isa = PBXBuildFile; fileRef = 5D7D740814B25F45005A3B28 /* GLKit.framework */; };
		5D0DFDF815BF9DF40042AD07 /* OpenGLES.framework in Frameworks */ = {isa = PBXBuildFile; fileRef = 5D7D740A14B25F45005A3B28 /* OpenGLES.framework */; };
		5D159D6316BB41EC007F75B0 /* LODManager.m in Sources */ = {isa = PBXBuildFile; fileRef = 5D159D6216BB41EC007F75B0 /* LODManager.m */; };
		5D2F9AD614B3038B005C81A9 /* OBJParserTests.m in Sources */ = {isa = PBXBuildFile; fileRef = 5D2F9AD514B3038B005C81A9 /* OBJParserTests.m */; };
		5D6BB1B815D473D200D2A4DF /* UIKit.framework in Frameworks */ = {isa = PBXBuildFile; fileRef = 5D7D740214B25F45005A3B28 /* UIKit.framework */; };
		5D6FC87315CF357600343C56 /* LICENSE.txt in Resources */ = {isa = PBXBuildFile; fileRef = 5D6FC87215CF357600343C56 /* LICENSE.txt */; };
		5D7291691736DBB300BA396B /* AntLion.mtl in Resources */ = {isa = PBXBuildFile; fileRef = 5D72914A1736DBB300BA396B /* AntLion.mtl */; };
		5D72916A1736DBB300BA396B /* AntLion.obj in Resources */ = {isa = PBXBuildFile; fileRef = 5D72914B1736DBB300BA396B /* AntLion.obj */; };
		5D72916B1736DBB300BA396B /* Barrel Explosive.mtl in Resources */ = {isa = PBXBuildFile; fileRef = 5D72914C1736DBB300BA396B /* Barrel Explosive.mtl */; };
		5D72916C1736DBB300BA396B /* Barrel Explosive.obj in Resources */ = {isa = PBXBuildFile; fileRef = 5D72914D1736DBB300BA396B /* Barrel Explosive.obj */; };
		5D72916D1736DBB300BA396B /* buggy.mtl in Resources */ = {isa = PBXBuildFile; fileRef = 5D72914E1736DBB300BA396B /* buggy.mtl */; };
		5D72916E1736DBB300BA396B /* buggy.obj in Resources */ = {isa = PBXBuildFile; fileRef = 5D72914F1736DBB300BA396B /* buggy.obj */; };
		5D72916F1736DBB300BA396B /* classic-lamppost.mtl in Resources */ = {isa = PBXBuildFile; fileRef = 5D7291501736DBB300BA396B /* classic-lamppost.mtl */; };
		5D7291701736DBB300BA396B /* classic-lamppost.obj in Resources */ = {isa = PBXBuildFile; fileRef = 5D7291511736DBB300BA396B /* classic-lamppost.obj */; };
		5D7291711736DBB300BA396B /* Combine_dropship.mtl in Resources */ = {isa = PBXBuildFile; fileRef = 5D7291521736DBB300BA396B /* Combine_dropship.mtl */; };
		5D7291721736DBB300BA396B /* Combine_dropship.obj in Resources */ = {isa = PBXBuildFile; fileRef = 5D7291531736DBB300BA396B /* Combine_dropship.obj */; };
		5D7291731736DBB300BA396B /* dog.mtl in Resources */ = {isa = PBXBuildFile; fileRef = 5D7291541736DBB300BA396B /* dog.mtl */; };
		5D7291741736DBB300BA396B /* dog.obj in Resources */ = {isa = PBXBuildFile; fileRef = 5D7291551736DBB300BA396B /* dog.obj */; };
		5D7291751736DBB300BA396B /* Rollermine.mtl in Resources */ = {isa = PBXBuildFile; fileRef = 5D7291561736DBB300BA396B /* Rollermine.mtl */; };
		5D7291761736DBB300BA396B /* Rollermine.obj in Resources */ = {isa = PBXBuildFile; fileRef = 5D7291571736DBB300BA396B /* Rollermine.obj */; };
		5D7291771736DBB300BA396B /* ammo_box.tga in Resources */ = {isa = PBXBuildFile; fileRef = 5D7291591736DBB300BA396B /* ammo_box.tga */; };
		5D7291781736DBB300BA396B /* antlionhigh_normal.tga in Resources */ = {isa = PBXBuildFile; fileRef = 5D72915A1736DBB300BA396B /* antlionhigh_normal.tga */; };
		5D7291791736DBB300BA396B /* antlionhigh_sheet.tga in Resources */ = {isa = PBXBuildFile; fileRef = 5D72915B1736DBB300BA396B /* antlionhigh_sheet.tga */; };
		5D72917A1736DBB300BA396B /* Barrel_Ex_diff.tga in Resources */ = {isa = PBXBuildFile; fileRef = 5D72915C1736DBB300BA396B /* Barrel_Ex_diff.tga */; };
		5D72917B1736DBB300BA396B /* Barrel_Ex_norm.tga in Resources */ = {isa = PBXBuildFile; fileRef = 5D72915D1736DBB300BA396B /* Barrel_Ex_norm.tga */; };
		5D72917C1736DBB300BA396B /* buggy001.tga in Resources */ = {isa = PBXBuildFile; fileRef = 5D72915E1736DBB300BA396B /* buggy001.tga */; };
		5D72917D1736DBB300BA396B /* combine_dropship01.tga in Resources */ = {isa = PBXBuildFile; fileRef = 5D72915F1736DBB300BA396B /* combine_dropship01.tga */; };
		5D72917E1736DBB300BA396B /* combine_dropship01_normal.tga in Resources */ = {isa = PBXBuildFile; fileRef = 5D7291601736DBB300BA396B /* combine_dropship01_normal.tga */; };
		5D72917F1736DBB300BA396B /* combine_fenceglow.tga in Resources */ = {isa = PBXBuildFile; fileRef = 5D7291611736DBB300BA396B /* combine_fenceglow.tga */; };
		5D7291801736DBB300BA396B /* combine_fenceglowb.tga in Resources */ = {isa = PBXBuildFile; fileRef = 5D7291621736DBB300BA396B /* combine_fenceglowb.tga */; };
		5D7291811736DBB300BA396B /* dog_sheet.tga in Resources */ = {isa = PBXBuildFile; fileRef = 5D7291631736DBB300BA396B /* dog_sheet.tga */; };
		5D7291821736DBB300BA396B /* dropshipsheet.tga in Resources */ = {isa = PBXBuildFile; fileRef = 5D7291641736DBB300BA396B /* dropshipsheet.tga */; };
		5D7291831736DBB300BA396B /* dropshipsheet_normal.tga in Resources */ = {isa = PBXBuildFile; fileRef = 5D7291651736DBB300BA396B /* dropshipsheet_normal.tga */; };
		5D7291841736DBB300BA396B /* eyeglass.tga in Resources */ = {isa = PBXBuildFile; fileRef = 5D7291661736DBB300BA396B /* eyeglass.tga */; };
		5D7291851736DBB300BA396B /* rollermine_normal.tga in Resources */ = {isa = PBXBuildFile; fileRef = 5D7291671736DBB300BA396B /* rollermine_normal.tga */; };
		5D7291861736DBB300BA396B /* rollermine_sheet.tga in Resources */ = {isa = PBXBuildFile; fileRef = 5D7291681736DBB300BA396B /* rollermine_sheet.tga */; };
		5D7291891736DBC200BA396B /* solid.png in Resources */ = {isa = PBXBuildFile; fileRef = 5D7291871736DBC200BA396B /* solid.png */; };
		5D72918A1736DBC200BA396B /* texture.png in Resources */ = {isa = PBXBuildFile; fileRef = 5D7291881736DBC200BA396B /* texture.png */; };
		5D72918C1736DE4400BA396B /* wireframe.png in Resources */ = {isa = PBXBuildFile; fileRef = 5D72918B1736DE4400BA396B /* wireframe.png */; };
		5D72918E1736E3EA00BA396B /* points.png in Resources */ = {isa = PBXBuildFile; fileRef = 5D72918D1736E3E900BA396B /* points.png */; };
		5D77D7561B7AD7E30059DB6A /* Camera.m in Sources */ = {isa = PBXBuildFile; fileRef = 5D77D72B1B7AD7E30059DB6A /* Camera.m */; };
		5D77D7571B7AD7E30059DB6A /* Face3.m in Sources */ = {isa = PBXBuildFile; fileRef = 5D77D72D1B7AD7E30059DB6A /* Face3.m */; };
		5D77D7581B7AD7E30059DB6A /* GraphicObject.m in Sources */ = {isa = PBXBuildFile; fileRef = 5D77D72F1B7AD7E30059DB6A /* GraphicObject.m */; };
		5D77D7591B7AD7E30059DB6A /* Material.m in Sources */ = {isa = PBXBuildFile; fileRef = 5D77D7321B7AD7E30059DB6A /* Material.m */; };
		5D77D75A1B7AD7E30059DB6A /* Mesh.m in Sources */ = {isa = PBXBuildFile; fileRef = 5D77D7341B7AD7E30059DB6A /* Mesh.m */; };
		5D77D75B1B7AD7E30059DB6A /* MeshMaterial.m in Sources */ = {isa = PBXBuildFile; fileRef = 5D77D7361B7AD7E30059DB6A /* MeshMaterial.m */; };
		5D77D75C1B7AD7E30059DB6A /* NSMutableArray+Additions.m in Sources */ = {isa = PBXBuildFile; fileRef = 5D77D7381B7AD7E30059DB6A /* NSMutableArray+Additions.m */; };
		5D77D75D1B7AD7E30059DB6A /* NSScanner+Additions.m in Sources */ = {isa = PBXBuildFile; fileRef = 5D77D73A1B7AD7E30059DB6A /* NSScanner+Additions.m */; };
		5D77D75E1B7AD7E30059DB6A /* Transform.m in Sources */ = {isa = PBXBuildFile; fileRef = 5D77D73D1B7AD7E30059DB6A /* Transform.m */; };
		5D77D75F1B7AD7E30059DB6A /* Vertex.m in Sources */ = {isa = PBXBuildFile; fileRef = 5D77D73F1B7AD7E30059DB6A /* Vertex.m */; };
		5D77D7601B7AD7E30059DB6A /* ProgressiveMesh.m in Sources */ = {isa = PBXBuildFile; fileRef = 5D77D7421B7AD7E30059DB6A /* ProgressiveMesh.m */; };
		5D77D7611B7AD7E30059DB6A /* NSObject+PerformBlock.m in Sources */ = {isa = PBXBuildFile; fileRef = 5D77D7451B7AD7E30059DB6A /* NSObject+PerformBlock.m */; };
		5D77D7621B7AD7E30059DB6A /* DataParser.m in Sources */ = {isa = PBXBuildFile; fileRef = 5D77D7481B7AD7E30059DB6A /* DataParser.m */; };
		5D77D7631B7AD7E30059DB6A /* MaterialParser.m in Sources */ = {isa = PBXBuildFile; fileRef = 5D77D74A1B7AD7E30059DB6A /* MaterialParser.m */; };
		5D77D7641B7AD7E30059DB6A /* OBJParser.m in Sources */ = {isa = PBXBuildFile; fileRef = 5D77D74C1B7AD7E30059DB6A /* OBJParser.m */; };
		5D77D7651B7AD7E30059DB6A /* UIButton+DisplayMode.m in Sources */ = {isa = PBXBuildFile; fileRef = 5D77D74E1B7AD7E30059DB6A /* UIButton+DisplayMode.m */; };
		5D77D7661B7AD7E30059DB6A /* UIView+Additions.m in Sources */ = {isa = PBXBuildFile; fileRef = 5D77D7501B7AD7E30059DB6A /* UIView+Additions.m */; };
		5D77D7671B7AD7E30059DB6A /* FileListViewController.m in Sources */ = {isa = PBXBuildFile; fileRef = 5D77D7531B7AD7E30059DB6A /* FileListViewController.m */; };
		5D77D7681B7AD7E30059DB6A /* ViewController.m in Sources */ = {isa = PBXBuildFile; fileRef = 5D77D7551B7AD7E30059DB6A /* ViewController.m */; };
		5D77D76B1B7AD93A0059DB6A /* InitialViewController.m in Sources */ = {isa = PBXBuildFile; fileRef = 5D77D76A1B7AD93A0059DB6A /* InitialViewController.m */; };
		5D77D76D1B7AD9650059DB6A /* Initial.storyboard in Resources */ = {isa = PBXBuildFile; fileRef = 5D77D76C1B7AD9650059DB6A /* Initial.storyboard */; };
		5D7D740314B25F45005A3B28 /* UIKit.framework in Frameworks */ = {isa = PBXBuildFile; fileRef = 5D7D740214B25F45005A3B28 /* UIKit.framework */; };
		5D7D740514B25F45005A3B28 /* Foundation.framework in Frameworks */ = {isa = PBXBuildFile; fileRef = 5D7D740414B25F45005A3B28 /* Foundation.framework */; };
		5D7D740914B25F45005A3B28 /* GLKit.framework in Frameworks */ = {isa = PBXBuildFile; fileRef = 5D7D740814B25F45005A3B28 /* GLKit.framework */; };
		5D7D740B14B25F45005A3B28 /* OpenGLES.framework in Frameworks */ = {isa = PBXBuildFile; fileRef = 5D7D740A14B25F45005A3B28 /* OpenGLES.framework */; };
		5D7D741114B25F45005A3B28 /* InfoPlist.strings in Resources */ = {isa = PBXBuildFile; fileRef = 5D7D740F14B25F45005A3B28 /* InfoPlist.strings */; };
		5D7D741314B25F45005A3B28 /* main.m in Sources */ = {isa = PBXBuildFile; fileRef = 5D7D741214B25F45005A3B28 /* main.m */; };
		5D7D741714B25F45005A3B28 /* AppDelegate.m in Sources */ = {isa = PBXBuildFile; fileRef = 5D7D741614B25F45005A3B28 /* AppDelegate.m */; };
		5D7D741A14B25F46005A3B28 /* MainStoryboard_iPhone.storyboard in Resources */ = {isa = PBXBuildFile; fileRef = 5D7D741814B25F46005A3B28 /* MainStoryboard_iPhone.storyboard */; };
		5D7D741D14B25F46005A3B28 /* MainStoryboard_iPad.storyboard in Resources */ = {isa = PBXBuildFile; fileRef = 5D7D741B14B25F46005A3B28 /* MainStoryboard_iPad.storyboard */; };
		5D7D747614B27E81005A3B28 /* SenTestingKit.framework in Frameworks */ = {isa = PBXBuildFile; fileRef = 5D7D747514B27E81005A3B28 /* SenTestingKit.framework */; };
		5D7D747814B27E81005A3B28 /* Foundation.framework in Frameworks */ = {isa = PBXBuildFile; fileRef = 5D7D740414B25F45005A3B28 /* Foundation.framework */; };
		5D7D747E14B27E81005A3B28 /* InfoPlist.strings in Resources */ = {isa = PBXBuildFile; fileRef = 5D7D747C14B27E81005A3B28 /* InfoPlist.strings */; };
		5DCDA64E1B8268850057DF62 /* Images.xcassets in Resources */ = {isa = PBXBuildFile; fileRef = 5DCDA64D1B8268850057DF62 /* Images.xcassets */; };
		D0DEAD7E47270207FAB92E42 /* libPods.a in Frameworks */ = {isa = PBXBuildFile; fileRef = 84848CFB7F1A4E803FF2C2A4 /* libPods.a */; };
/* End PBXBuildFile section */

/* Begin PBXFileReference section */
		28BFFDFA1A79E29C9AA42822 /* Pods.release.xcconfig */ = {isa = PBXFileReference; includeInIndex = 1; lastKnownFileType = text.xcconfig; name = Pods.release.xcconfig; path = "Pods/Target Support Files/Pods/Pods.release.xcconfig"; sourceTree = "<group>"; };
		4F74D2C3C4793DFF6A6F94CE /* Pods.debug.xcconfig */ = {isa = PBXFileReference; includeInIndex = 1; lastKnownFileType = text.xcconfig; name = Pods.debug.xcconfig; path = "Pods/Target Support Files/Pods/Pods.debug.xcconfig"; sourceTree = "<group>"; };
		5D0DFDE115BF90930042AD07 /* GraphicObjectTests.h */ = {isa = PBXFileReference; fileEncoding = 4; lastKnownFileType = sourcecode.c.h; path = GraphicObjectTests.h; sourceTree = "<group>"; };
		5D0DFDE215BF90930042AD07 /* GraphicObjectTests.m */ = {isa = PBXFileReference; fileEncoding = 4; lastKnownFileType = sourcecode.c.objc; path = GraphicObjectTests.m; sourceTree = "<group>"; };
		5D159D6116BB41EC007F75B0 /* LODManager.h */ = {isa = PBXFileReference; fileEncoding = 4; lastKnownFileType = sourcecode.c.h; path = LODManager.h; sourceTree = "<group>"; };
		5D159D6216BB41EC007F75B0 /* LODManager.m */ = {isa = PBXFileReference; fileEncoding = 4; lastKnownFileType = sourcecode.c.objc; path = LODManager.m; sourceTree = "<group>"; };
		5D2F9AD414B3038B005C81A9 /* OBJParserTests.h */ = {isa = PBXFileReference; fileEncoding = 4; lastKnownFileType = sourcecode.c.h; path = OBJParserTests.h; sourceTree = "<group>"; };
		5D2F9AD514B3038B005C81A9 /* OBJParserTests.m */ = {isa = PBXFileReference; fileEncoding = 4; lastKnownFileType = sourcecode.c.objc; path = OBJParserTests.m; sourceTree = "<group>"; };
		5D6FC87215CF357600343C56 /* LICENSE.txt */ = {isa = PBXFileReference; fileEncoding = 4; lastKnownFileType = text; path = LICENSE.txt; sourceTree = "<group>"; };
		5D72914A1736DBB300BA396B /* AntLion.mtl */ = {isa = PBXFileReference; fileEncoding = 4; lastKnownFileType = text; name = AntLion.mtl; path = iOBJ/Resources/models/AntLion.mtl; sourceTree = "<group>"; };
		5D72914B1736DBB300BA396B /* AntLion.obj */ = {isa = PBXFileReference; fileEncoding = 4; lastKnownFileType = text; name = AntLion.obj; path = iOBJ/Resources/models/AntLion.obj; sourceTree = "<group>"; };
		5D72914C1736DBB300BA396B /* Barrel Explosive.mtl */ = {isa = PBXFileReference; fileEncoding = 4; lastKnownFileType = text; name = "Barrel Explosive.mtl"; path = "iOBJ/Resources/models/Barrel Explosive.mtl"; sourceTree = "<group>"; };
		5D72914D1736DBB300BA396B /* Barrel Explosive.obj */ = {isa = PBXFileReference; fileEncoding = 4; lastKnownFileType = text; name = "Barrel Explosive.obj"; path = "iOBJ/Resources/models/Barrel Explosive.obj"; sourceTree = "<group>"; };
		5D72914E1736DBB300BA396B /* buggy.mtl */ = {isa = PBXFileReference; fileEncoding = 4; lastKnownFileType = text; name = buggy.mtl; path = iOBJ/Resources/models/buggy.mtl; sourceTree = "<group>"; };
		5D72914F1736DBB300BA396B /* buggy.obj */ = {isa = PBXFileReference; fileEncoding = 4; lastKnownFileType = text; name = buggy.obj; path = iOBJ/Resources/models/buggy.obj; sourceTree = "<group>"; };
		5D7291501736DBB300BA396B /* classic-lamppost.mtl */ = {isa = PBXFileReference; fileEncoding = 4; lastKnownFileType = text; name = "classic-lamppost.mtl"; path = "iOBJ/Resources/models/classic-lamppost.mtl"; sourceTree = "<group>"; };
		5D7291511736DBB300BA396B /* classic-lamppost.obj */ = {isa = PBXFileReference; fileEncoding = 4; lastKnownFileType = text; name = "classic-lamppost.obj"; path = "iOBJ/Resources/models/classic-lamppost.obj"; sourceTree = "<group>"; };
		5D7291521736DBB300BA396B /* Combine_dropship.mtl */ = {isa = PBXFileReference; fileEncoding = 4; lastKnownFileType = text; name = Combine_dropship.mtl; path = iOBJ/Resources/models/Combine_dropship.mtl; sourceTree = "<group>"; };
		5D7291531736DBB300BA396B /* Combine_dropship.obj */ = {isa = PBXFileReference; fileEncoding = 4; lastKnownFileType = text; name = Combine_dropship.obj; path = iOBJ/Resources/models/Combine_dropship.obj; sourceTree = "<group>"; };
		5D7291541736DBB300BA396B /* dog.mtl */ = {isa = PBXFileReference; fileEncoding = 4; lastKnownFileType = text; name = dog.mtl; path = iOBJ/Resources/models/dog.mtl; sourceTree = "<group>"; };
		5D7291551736DBB300BA396B /* dog.obj */ = {isa = PBXFileReference; fileEncoding = 4; lastKnownFileType = text; name = dog.obj; path = iOBJ/Resources/models/dog.obj; sourceTree = "<group>"; };
		5D7291561736DBB300BA396B /* Rollermine.mtl */ = {isa = PBXFileReference; fileEncoding = 4; lastKnownFileType = text; name = Rollermine.mtl; path = iOBJ/Resources/models/Rollermine.mtl; sourceTree = "<group>"; };
		5D7291571736DBB300BA396B /* Rollermine.obj */ = {isa = PBXFileReference; fileEncoding = 4; lastKnownFileType = text; name = Rollermine.obj; path = iOBJ/Resources/models/Rollermine.obj; sourceTree = "<group>"; };
		5D7291591736DBB300BA396B /* ammo_box.tga */ = {isa = PBXFileReference; lastKnownFileType = file; path = ammo_box.tga; sourceTree = "<group>"; };
		5D72915A1736DBB300BA396B /* antlionhigh_normal.tga */ = {isa = PBXFileReference; lastKnownFileType = file; path = antlionhigh_normal.tga; sourceTree = "<group>"; };
		5D72915B1736DBB300BA396B /* antlionhigh_sheet.tga */ = {isa = PBXFileReference; lastKnownFileType = file; path = antlionhigh_sheet.tga; sourceTree = "<group>"; };
		5D72915C1736DBB300BA396B /* Barrel_Ex_diff.tga */ = {isa = PBXFileReference; lastKnownFileType = file; path = Barrel_Ex_diff.tga; sourceTree = "<group>"; };
		5D72915D1736DBB300BA396B /* Barrel_Ex_norm.tga */ = {isa = PBXFileReference; lastKnownFileType = file; path = Barrel_Ex_norm.tga; sourceTree = "<group>"; };
		5D72915E1736DBB300BA396B /* buggy001.tga */ = {isa = PBXFileReference; lastKnownFileType = file; path = buggy001.tga; sourceTree = "<group>"; };
		5D72915F1736DBB300BA396B /* combine_dropship01.tga */ = {isa = PBXFileReference; lastKnownFileType = file; path = combine_dropship01.tga; sourceTree = "<group>"; };
		5D7291601736DBB300BA396B /* combine_dropship01_normal.tga */ = {isa = PBXFileReference; lastKnownFileType = file; path = combine_dropship01_normal.tga; sourceTree = "<group>"; };
		5D7291611736DBB300BA396B /* combine_fenceglow.tga */ = {isa = PBXFileReference; lastKnownFileType = file; path = combine_fenceglow.tga; sourceTree = "<group>"; };
		5D7291621736DBB300BA396B /* combine_fenceglowb.tga */ = {isa = PBXFileReference; lastKnownFileType = file; path = combine_fenceglowb.tga; sourceTree = "<group>"; };
		5D7291631736DBB300BA396B /* dog_sheet.tga */ = {isa = PBXFileReference; lastKnownFileType = file; path = dog_sheet.tga; sourceTree = "<group>"; };
		5D7291641736DBB300BA396B /* dropshipsheet.tga */ = {isa = PBXFileReference; lastKnownFileType = file; path = dropshipsheet.tga; sourceTree = "<group>"; };
		5D7291651736DBB300BA396B /* dropshipsheet_normal.tga */ = {isa = PBXFileReference; lastKnownFileType = file; path = dropshipsheet_normal.tga; sourceTree = "<group>"; };
		5D7291661736DBB300BA396B /* eyeglass.tga */ = {isa = PBXFileReference; lastKnownFileType = file; path = eyeglass.tga; sourceTree = "<group>"; };
		5D7291671736DBB300BA396B /* rollermine_normal.tga */ = {isa = PBXFileReference; lastKnownFileType = file; path = rollermine_normal.tga; sourceTree = "<group>"; };
		5D7291681736DBB300BA396B /* rollermine_sheet.tga */ = {isa = PBXFileReference; lastKnownFileType = file; path = rollermine_sheet.tga; sourceTree = "<group>"; };
		5D7291871736DBC200BA396B /* solid.png */ = {isa = PBXFileReference; lastKnownFileType = image.png; name = solid.png; path = iOBJ/Resources/images/solid.png; sourceTree = "<group>"; };
		5D7291881736DBC200BA396B /* texture.png */ = {isa = PBXFileReference; lastKnownFileType = image.png; name = texture.png; path = iOBJ/Resources/images/texture.png; sourceTree = "<group>"; };
		5D72918B1736DE4400BA396B /* wireframe.png */ = {isa = PBXFileReference; lastKnownFileType = image.png; name = wireframe.png; path = iOBJ/Resources/images/wireframe.png; sourceTree = "<group>"; };
		5D72918D1736E3E900BA396B /* points.png */ = {isa = PBXFileReference; lastKnownFileType = image.png; name = points.png; path = iOBJ/Resources/images/points.png; sourceTree = "<group>"; };
		5D77D72A1B7AD7E30059DB6A /* Camera.h */ = {isa = PBXFileReference; fileEncoding = 4; lastKnownFileType = sourcecode.c.h; path = Camera.h; sourceTree = "<group>"; };
		5D77D72B1B7AD7E30059DB6A /* Camera.m */ = {isa = PBXFileReference; fileEncoding = 4; lastKnownFileType = sourcecode.c.objc; path = Camera.m; sourceTree = "<group>"; };
		5D77D72C1B7AD7E30059DB6A /* Face3.h */ = {isa = PBXFileReference; fileEncoding = 4; lastKnownFileType = sourcecode.c.h; path = Face3.h; sourceTree = "<group>"; };
		5D77D72D1B7AD7E30059DB6A /* Face3.m */ = {isa = PBXFileReference; fileEncoding = 4; lastKnownFileType = sourcecode.c.objc; path = Face3.m; sourceTree = "<group>"; };
		5D77D72E1B7AD7E30059DB6A /* GraphicObject.h */ = {isa = PBXFileReference; fileEncoding = 4; lastKnownFileType = sourcecode.c.h; path = GraphicObject.h; sourceTree = "<group>"; };
		5D77D72F1B7AD7E30059DB6A /* GraphicObject.m */ = {isa = PBXFileReference; fileEncoding = 4; lastKnownFileType = sourcecode.c.objc; path = GraphicObject.m; sourceTree = "<group>"; };
		5D77D7301B7AD7E30059DB6A /* iOBJCore-Prefix.pch */ = {isa = PBXFileReference; fileEncoding = 4; lastKnownFileType = sourcecode.c.h; path = "iOBJCore-Prefix.pch"; sourceTree = "<group>"; };
		5D77D7311B7AD7E30059DB6A /* Material.h */ = {isa = PBXFileReference; fileEncoding = 4; lastKnownFileType = sourcecode.c.h; path = Material.h; sourceTree = "<group>"; };
		5D77D7321B7AD7E30059DB6A /* Material.m */ = {isa = PBXFileReference; fileEncoding = 4; lastKnownFileType = sourcecode.c.objc; path = Material.m; sourceTree = "<group>"; };
		5D77D7331B7AD7E30059DB6A /* Mesh.h */ = {isa = PBXFileReference; fileEncoding = 4; lastKnownFileType = sourcecode.c.h; path = Mesh.h; sourceTree = "<group>"; };
		5D77D7341B7AD7E30059DB6A /* Mesh.m */ = {isa = PBXFileReference; fileEncoding = 4; lastKnownFileType = sourcecode.c.objc; path = Mesh.m; sourceTree = "<group>"; };
		5D77D7351B7AD7E30059DB6A /* MeshMaterial.h */ = {isa = PBXFileReference; fileEncoding = 4; lastKnownFileType = sourcecode.c.h; path = MeshMaterial.h; sourceTree = "<group>"; };
		5D77D7361B7AD7E30059DB6A /* MeshMaterial.m */ = {isa = PBXFileReference; fileEncoding = 4; lastKnownFileType = sourcecode.c.objc; path = MeshMaterial.m; sourceTree = "<group>"; };
		5D77D7371B7AD7E30059DB6A /* NSMutableArray+Additions.h */ = {isa = PBXFileReference; fileEncoding = 4; lastKnownFileType = sourcecode.c.h; path = "NSMutableArray+Additions.h"; sourceTree = "<group>"; };
		5D77D7381B7AD7E30059DB6A /* NSMutableArray+Additions.m */ = {isa = PBXFileReference; fileEncoding = 4; lastKnownFileType = sourcecode.c.objc; path = "NSMutableArray+Additions.m"; sourceTree = "<group>"; };
		5D77D7391B7AD7E30059DB6A /* NSScanner+Additions.h */ = {isa = PBXFileReference; fileEncoding = 4; lastKnownFileType = sourcecode.c.h; path = "NSScanner+Additions.h"; sourceTree = "<group>"; };
		5D77D73A1B7AD7E30059DB6A /* NSScanner+Additions.m */ = {isa = PBXFileReference; fileEncoding = 4; lastKnownFileType = sourcecode.c.objc; path = "NSScanner+Additions.m"; sourceTree = "<group>"; };
		5D77D73B1B7AD7E30059DB6A /* Shaders.h */ = {isa = PBXFileReference; fileEncoding = 4; lastKnownFileType = sourcecode.c.h; path = Shaders.h; sourceTree = "<group>"; };
		5D77D73C1B7AD7E30059DB6A /* Transform.h */ = {isa = PBXFileReference; fileEncoding = 4; lastKnownFileType = sourcecode.c.h; path = Transform.h; sourceTree = "<group>"; };
		5D77D73D1B7AD7E30059DB6A /* Transform.m */ = {isa = PBXFileReference; fileEncoding = 4; lastKnownFileType = sourcecode.c.objc; path = Transform.m; sourceTree = "<group>"; };
		5D77D73E1B7AD7E30059DB6A /* Vertex.h */ = {isa = PBXFileReference; fileEncoding = 4; lastKnownFileType = sourcecode.c.h; path = Vertex.h; sourceTree = "<group>"; };
		5D77D73F1B7AD7E30059DB6A /* Vertex.m */ = {isa = PBXFileReference; fileEncoding = 4; lastKnownFileType = sourcecode.c.objc; path = Vertex.m; sourceTree = "<group>"; };
		5D77D7411B7AD7E30059DB6A /* ProgressiveMesh.h */ = {isa = PBXFileReference; fileEncoding = 4; lastKnownFileType = sourcecode.c.h; path = ProgressiveMesh.h; sourceTree = "<group>"; };
		5D77D7421B7AD7E30059DB6A /* ProgressiveMesh.m */ = {isa = PBXFileReference; fileEncoding = 4; lastKnownFileType = sourcecode.c.objc; path = ProgressiveMesh.m; sourceTree = "<group>"; };
		5D77D7441B7AD7E30059DB6A /* NSObject+PerformBlock.h */ = {isa = PBXFileReference; fileEncoding = 4; lastKnownFileType = sourcecode.c.h; path = "NSObject+PerformBlock.h"; sourceTree = "<group>"; };
		5D77D7451B7AD7E30059DB6A /* NSObject+PerformBlock.m */ = {isa = PBXFileReference; fileEncoding = 4; lastKnownFileType = sourcecode.c.objc; path = "NSObject+PerformBlock.m"; sourceTree = "<group>"; };
		5D77D7471B7AD7E30059DB6A /* DataParser.h */ = {isa = PBXFileReference; fileEncoding = 4; lastKnownFileType = sourcecode.c.h; path = DataParser.h; sourceTree = "<group>"; };
		5D77D7481B7AD7E30059DB6A /* DataParser.m */ = {isa = PBXFileReference; fileEncoding = 4; lastKnownFileType = sourcecode.c.objc; path = DataParser.m; sourceTree = "<group>"; };
		5D77D7491B7AD7E30059DB6A /* MaterialParser.h */ = {isa = PBXFileReference; fileEncoding = 4; lastKnownFileType = sourcecode.c.h; path = MaterialParser.h; sourceTree = "<group>"; };
		5D77D74A1B7AD7E30059DB6A /* MaterialParser.m */ = {isa = PBXFileReference; fileEncoding = 4; lastKnownFileType = sourcecode.c.objc; path = MaterialParser.m; sourceTree = "<group>"; };
		5D77D74B1B7AD7E30059DB6A /* OBJParser.h */ = {isa = PBXFileReference; fileEncoding = 4; lastKnownFileType = sourcecode.c.h; path = OBJParser.h; sourceTree = "<group>"; };
		5D77D74C1B7AD7E30059DB6A /* OBJParser.m */ = {isa = PBXFileReference; fileEncoding = 4; lastKnownFileType = sourcecode.c.objc; path = OBJParser.m; sourceTree = "<group>"; };
		5D77D74D1B7AD7E30059DB6A /* UIButton+DisplayMode.h */ = {isa = PBXFileReference; fileEncoding = 4; lastKnownFileType = sourcecode.c.h; path = "UIButton+DisplayMode.h"; sourceTree = "<group>"; };
		5D77D74E1B7AD7E30059DB6A /* UIButton+DisplayMode.m */ = {isa = PBXFileReference; fileEncoding = 4; lastKnownFileType = sourcecode.c.objc; path = "UIButton+DisplayMode.m"; sourceTree = "<group>"; };
		5D77D74F1B7AD7E30059DB6A /* UIView+Additions.h */ = {isa = PBXFileReference; fileEncoding = 4; lastKnownFileType = sourcecode.c.h; path = "UIView+Additions.h"; sourceTree = "<group>"; };
		5D77D7501B7AD7E30059DB6A /* UIView+Additions.m */ = {isa = PBXFileReference; fileEncoding = 4; lastKnownFileType = sourcecode.c.objc; path = "UIView+Additions.m"; sourceTree = "<group>"; };
		5D77D7521B7AD7E30059DB6A /* FileListViewController.h */ = {isa = PBXFileReference; fileEncoding = 4; lastKnownFileType = sourcecode.c.h; path = FileListViewController.h; sourceTree = "<group>"; };
		5D77D7531B7AD7E30059DB6A /* FileListViewController.m */ = {isa = PBXFileReference; fileEncoding = 4; lastKnownFileType = sourcecode.c.objc; path = FileListViewController.m; sourceTree = "<group>"; };
		5D77D7541B7AD7E30059DB6A /* ViewController.h */ = {isa = PBXFileReference; fileEncoding = 4; lastKnownFileType = sourcecode.c.h; path = ViewController.h; sourceTree = "<group>"; };
		5D77D7551B7AD7E30059DB6A /* ViewController.m */ = {isa = PBXFileReference; fileEncoding = 4; lastKnownFileType = sourcecode.c.objc; path = ViewController.m; sourceTree = "<group>"; };
		5D77D7691B7AD93A0059DB6A /* InitialViewController.h */ = {isa = PBXFileReference; fileEncoding = 4; lastKnownFileType = sourcecode.c.h; path = InitialViewController.h; sourceTree = "<group>"; };
		5D77D76A1B7AD93A0059DB6A /* InitialViewController.m */ = {isa = PBXFileReference; fileEncoding = 4; lastKnownFileType = sourcecode.c.objc; path = InitialViewController.m; sourceTree = "<group>"; };
		5D77D76C1B7AD9650059DB6A /* Initial.storyboard */ = {isa = PBXFileReference; fileEncoding = 4; lastKnownFileType = file.storyboard; path = Initial.storyboard; sourceTree = "<group>"; };
		5D7D73FE14B25F45005A3B28 /* iOBJ.app */ = {isa = PBXFileReference; explicitFileType = wrapper.application; includeInIndex = 0; path = iOBJ.app; sourceTree = BUILT_PRODUCTS_DIR; };
		5D7D740214B25F45005A3B28 /* UIKit.framework */ = {isa = PBXFileReference; lastKnownFileType = wrapper.framework; name = UIKit.framework; path = System/Library/Frameworks/UIKit.framework; sourceTree = SDKROOT; };
		5D7D740414B25F45005A3B28 /* Foundation.framework */ = {isa = PBXFileReference; lastKnownFileType = wrapper.framework; name = Foundation.framework; path = System/Library/Frameworks/Foundation.framework; sourceTree = SDKROOT; };
		5D7D740814B25F45005A3B28 /* GLKit.framework */ = {isa = PBXFileReference; lastKnownFileType = wrapper.framework; name = GLKit.framework; path = System/Library/Frameworks/GLKit.framework; sourceTree = SDKROOT; };
		5D7D740A14B25F45005A3B28 /* OpenGLES.framework */ = {isa = PBXFileReference; lastKnownFileType = wrapper.framework; name = OpenGLES.framework; path = System/Library/Frameworks/OpenGLES.framework; sourceTree = SDKROOT; };
		5D7D740E14B25F45005A3B28 /* iOBJ-Info.plist */ = {isa = PBXFileReference; lastKnownFileType = text.plist.xml; path = "iOBJ-Info.plist"; sourceTree = "<group>"; };
		5D7D741014B25F45005A3B28 /* en */ = {isa = PBXFileReference; lastKnownFileType = text.plist.strings; name = en; path = en.lproj/InfoPlist.strings; sourceTree = "<group>"; };
		5D7D741214B25F45005A3B28 /* main.m */ = {isa = PBXFileReference; lastKnownFileType = sourcecode.c.objc; path = main.m; sourceTree = "<group>"; };
		5D7D741414B25F45005A3B28 /* iOBJ-Prefix.pch */ = {isa = PBXFileReference; lastKnownFileType = sourcecode.c.h; path = "iOBJ-Prefix.pch"; sourceTree = "<group>"; };
		5D7D741514B25F45005A3B28 /* AppDelegate.h */ = {isa = PBXFileReference; lastKnownFileType = sourcecode.c.h; path = AppDelegate.h; sourceTree = "<group>"; };
		5D7D741614B25F45005A3B28 /* AppDelegate.m */ = {isa = PBXFileReference; lastKnownFileType = sourcecode.c.objc; path = AppDelegate.m; sourceTree = "<group>"; };
		5D7D741914B25F46005A3B28 /* en */ = {isa = PBXFileReference; lastKnownFileType = file.storyboard; name = en; path = en.lproj/MainStoryboard_iPhone.storyboard; sourceTree = "<group>"; };
		5D7D741C14B25F46005A3B28 /* en */ = {isa = PBXFileReference; lastKnownFileType = file.storyboard; name = en; path = en.lproj/MainStoryboard_iPad.storyboard; sourceTree = "<group>"; };
		5D7D747414B27E81005A3B28 /* iOBJTests.octest */ = {isa = PBXFileReference; explicitFileType = wrapper.cfbundle; includeInIndex = 0; path = iOBJTests.octest; sourceTree = BUILT_PRODUCTS_DIR; };
		5D7D747514B27E81005A3B28 /* SenTestingKit.framework */ = {isa = PBXFileReference; lastKnownFileType = wrapper.framework; name = SenTestingKit.framework; path = Library/Frameworks/SenTestingKit.framework; sourceTree = DEVELOPER_DIR; };
		5D7D747B14B27E81005A3B28 /* iOBJTests-Info.plist */ = {isa = PBXFileReference; lastKnownFileType = text.plist.xml; path = "iOBJTests-Info.plist"; sourceTree = "<group>"; };
		5D7D747D14B27E81005A3B28 /* en */ = {isa = PBXFileReference; lastKnownFileType = text.plist.strings; name = en; path = en.lproj/InfoPlist.strings; sourceTree = "<group>"; };
		5D7D748214B27E81005A3B28 /* iOBJTests-Prefix.pch */ = {isa = PBXFileReference; lastKnownFileType = sourcecode.c.h; path = "iOBJTests-Prefix.pch"; sourceTree = "<group>"; };
		5DCDA64D1B8268850057DF62 /* Images.xcassets */ = {isa = PBXFileReference; lastKnownFileType = folder.assetcatalog; path = Images.xcassets; sourceTree = "<group>"; };
		84848CFB7F1A4E803FF2C2A4 /* libPods.a */ = {isa = PBXFileReference; explicitFileType = archive.ar; includeInIndex = 0; path = libPods.a; sourceTree = BUILT_PRODUCTS_DIR; };
/* End PBXFileReference section */

/* Begin PBXFrameworksBuildPhase section */
		5D7D73FB14B25F45005A3B28 /* Frameworks */ = {
			isa = PBXFrameworksBuildPhase;
			buildActionMask = 2147483647;
			files = (
				5D7D740314B25F45005A3B28 /* UIKit.framework in Frameworks */,
				5D7D740514B25F45005A3B28 /* Foundation.framework in Frameworks */,
				5D7D740914B25F45005A3B28 /* GLKit.framework in Frameworks */,
				5D7D740B14B25F45005A3B28 /* OpenGLES.framework in Frameworks */,
				D0DEAD7E47270207FAB92E42 /* libPods.a in Frameworks */,
			);
			runOnlyForDeploymentPostprocessing = 0;
		};
		5D7D747014B27E81005A3B28 /* Frameworks */ = {
			isa = PBXFrameworksBuildPhase;
			buildActionMask = 2147483647;
			files = (
				5D6BB1B815D473D200D2A4DF /* UIKit.framework in Frameworks */,
				5D0DFDF815BF9DF40042AD07 /* OpenGLES.framework in Frameworks */,
				5D0DFDF715BF9DEE0042AD07 /* GLKit.framework in Frameworks */,
				5D7D747614B27E81005A3B28 /* SenTestingKit.framework in Frameworks */,
				5D7D747814B27E81005A3B28 /* Foundation.framework in Frameworks */,
			);
			runOnlyForDeploymentPostprocessing = 0;
		};
/* End PBXFrameworksBuildPhase section */

/* Begin PBXGroup section */
		5D7291481736DB1000BA396B /* models */ = {
			isa = PBXGroup;
			children = (
				5D72914A1736DBB300BA396B /* AntLion.mtl */,
				5D72914B1736DBB300BA396B /* AntLion.obj */,
				5D72914C1736DBB300BA396B /* Barrel Explosive.mtl */,
				5D72914D1736DBB300BA396B /* Barrel Explosive.obj */,
				5D72914E1736DBB300BA396B /* buggy.mtl */,
				5D72914F1736DBB300BA396B /* buggy.obj */,
				5D7291501736DBB300BA396B /* classic-lamppost.mtl */,
				5D7291511736DBB300BA396B /* classic-lamppost.obj */,
				5D7291521736DBB300BA396B /* Combine_dropship.mtl */,
				5D7291531736DBB300BA396B /* Combine_dropship.obj */,
				5D7291541736DBB300BA396B /* dog.mtl */,
				5D7291551736DBB300BA396B /* dog.obj */,
				5D7291561736DBB300BA396B /* Rollermine.mtl */,
				5D7291571736DBB300BA396B /* Rollermine.obj */,
				5D7291581736DBB300BA396B /* Texture */,
			);
			name = models;
			sourceTree = "<group>";
		};
		5D7291491736DB1B00BA396B /* images */ = {
			isa = PBXGroup;
			children = (
				5D72918D1736E3E900BA396B /* points.png */,
				5D7291871736DBC200BA396B /* solid.png */,
				5D7291881736DBC200BA396B /* texture.png */,
				5D72918B1736DE4400BA396B /* wireframe.png */,
			);
			name = images;
			sourceTree = "<group>";
		};
		5D7291581736DBB300BA396B /* Texture */ = {
			isa = PBXGroup;
			children = (
				5D7291591736DBB300BA396B /* ammo_box.tga */,
				5D72915A1736DBB300BA396B /* antlionhigh_normal.tga */,
				5D72915B1736DBB300BA396B /* antlionhigh_sheet.tga */,
				5D72915C1736DBB300BA396B /* Barrel_Ex_diff.tga */,
				5D72915D1736DBB300BA396B /* Barrel_Ex_norm.tga */,
				5D72915E1736DBB300BA396B /* buggy001.tga */,
				5D72915F1736DBB300BA396B /* combine_dropship01.tga */,
				5D7291601736DBB300BA396B /* combine_dropship01_normal.tga */,
				5D7291611736DBB300BA396B /* combine_fenceglow.tga */,
				5D7291621736DBB300BA396B /* combine_fenceglowb.tga */,
				5D7291631736DBB300BA396B /* dog_sheet.tga */,
				5D7291641736DBB300BA396B /* dropshipsheet.tga */,
				5D7291651736DBB300BA396B /* dropshipsheet_normal.tga */,
				5D7291661736DBB300BA396B /* eyeglass.tga */,
				5D7291671736DBB300BA396B /* rollermine_normal.tga */,
				5D7291681736DBB300BA396B /* rollermine_sheet.tga */,
			);
			name = Texture;
			path = iOBJ/Resources/models/Texture;
			sourceTree = "<group>";
		};
		5D77D7291B7AD7E30059DB6A /* Classes */ = {
			isa = PBXGroup;
			children = (
				5D77D72A1B7AD7E30059DB6A /* Camera.h */,
				5D77D72B1B7AD7E30059DB6A /* Camera.m */,
				5D77D72C1B7AD7E30059DB6A /* Face3.h */,
				5D77D72D1B7AD7E30059DB6A /* Face3.m */,
				5D77D72E1B7AD7E30059DB6A /* GraphicObject.h */,
				5D77D72F1B7AD7E30059DB6A /* GraphicObject.m */,
				5D77D7301B7AD7E30059DB6A /* iOBJCore-Prefix.pch */,
				5D77D7311B7AD7E30059DB6A /* Material.h */,
				5D77D7321B7AD7E30059DB6A /* Material.m */,
				5D77D7331B7AD7E30059DB6A /* Mesh.h */,
				5D77D7341B7AD7E30059DB6A /* Mesh.m */,
				5D77D7351B7AD7E30059DB6A /* MeshMaterial.h */,
				5D77D7361B7AD7E30059DB6A /* MeshMaterial.m */,
				5D77D7371B7AD7E30059DB6A /* NSMutableArray+Additions.h */,
				5D77D7381B7AD7E30059DB6A /* NSMutableArray+Additions.m */,
				5D77D7391B7AD7E30059DB6A /* NSScanner+Additions.h */,
				5D77D73A1B7AD7E30059DB6A /* NSScanner+Additions.m */,
				5D77D73B1B7AD7E30059DB6A /* Shaders.h */,
				5D77D73C1B7AD7E30059DB6A /* Transform.h */,
				5D77D73D1B7AD7E30059DB6A /* Transform.m */,
				5D77D73E1B7AD7E30059DB6A /* Vertex.h */,
				5D77D73F1B7AD7E30059DB6A /* Vertex.m */,
			);
			path = Classes;
			sourceTree = "<group>";
		};
		5D77D7401B7AD7E30059DB6A /* LOD */ = {
			isa = PBXGroup;
			children = (
				5D77D7411B7AD7E30059DB6A /* ProgressiveMesh.h */,
				5D77D7421B7AD7E30059DB6A /* ProgressiveMesh.m */,
			);
			path = LOD;
			sourceTree = "<group>";
		};
		5D77D7431B7AD7E30059DB6A /* Utils */ = {
			isa = PBXGroup;
			children = (
				5D77D7441B7AD7E30059DB6A /* NSObject+PerformBlock.h */,
				5D77D7451B7AD7E30059DB6A /* NSObject+PerformBlock.m */,
				5D77D7461B7AD7E30059DB6A /* Parser */,
				5D77D74D1B7AD7E30059DB6A /* UIButton+DisplayMode.h */,
				5D77D74E1B7AD7E30059DB6A /* UIButton+DisplayMode.m */,
				5D77D74F1B7AD7E30059DB6A /* UIView+Additions.h */,
				5D77D7501B7AD7E30059DB6A /* UIView+Additions.m */,
			);
			path = Utils;
			sourceTree = "<group>";
		};
		5D77D7461B7AD7E30059DB6A /* Parser */ = {
			isa = PBXGroup;
			children = (
				5D77D7471B7AD7E30059DB6A /* DataParser.h */,
				5D77D7481B7AD7E30059DB6A /* DataParser.m */,
				5D77D7491B7AD7E30059DB6A /* MaterialParser.h */,
				5D77D74A1B7AD7E30059DB6A /* MaterialParser.m */,
				5D77D74B1B7AD7E30059DB6A /* OBJParser.h */,
				5D77D74C1B7AD7E30059DB6A /* OBJParser.m */,
			);
			path = Parser;
			sourceTree = "<group>";
		};
		5D77D7511B7AD7E30059DB6A /* Views */ = {
			isa = PBXGroup;
			children = (
				5D77D7521B7AD7E30059DB6A /* FileListViewController.h */,
				5D77D7531B7AD7E30059DB6A /* FileListViewController.m */,
				5D77D7541B7AD7E30059DB6A /* ViewController.h */,
				5D77D7551B7AD7E30059DB6A /* ViewController.m */,
				5D77D7691B7AD93A0059DB6A /* InitialViewController.h */,
				5D77D76A1B7AD93A0059DB6A /* InitialViewController.m */,
				5D77D76C1B7AD9650059DB6A /* Initial.storyboard */,
			);
			path = Views;
			sourceTree = "<group>";
		};
		5D7D73F314B25F45005A3B28 = {
			isa = PBXGroup;
			children = (
				5D7D740C14B25F45005A3B28 /* iOBJ */,
				5D7D747914B27E81005A3B28 /* iOBJTests */,
				5D7D740114B25F45005A3B28 /* Frameworks */,
				5D7D73FF14B25F45005A3B28 /* Products */,
				DBECB18764B3922DC697C2B2 /* Pods */,
			);
			sourceTree = "<group>";
		};
		5D7D73FF14B25F45005A3B28 /* Products */ = {
			isa = PBXGroup;
			children = (
				5D7D73FE14B25F45005A3B28 /* iOBJ.app */,
				5D7D747414B27E81005A3B28 /* iOBJTests.octest */,
			);
			name = Products;
			sourceTree = "<group>";
		};
		5D7D740114B25F45005A3B28 /* Frameworks */ = {
			isa = PBXGroup;
			children = (
				5D7D740414B25F45005A3B28 /* Foundation.framework */,
				5D7D740814B25F45005A3B28 /* GLKit.framework */,
				5D7D740A14B25F45005A3B28 /* OpenGLES.framework */,
				5D7D747514B27E81005A3B28 /* SenTestingKit.framework */,
				5D7D740214B25F45005A3B28 /* UIKit.framework */,
				84848CFB7F1A4E803FF2C2A4 /* libPods.a */,
			);
			name = Frameworks;
			sourceTree = "<group>";
		};
		5D7D740C14B25F45005A3B28 /* iOBJ */ = {
			isa = PBXGroup;
			children = (
				5D7D741514B25F45005A3B28 /* AppDelegate.h */,
				5D7D741614B25F45005A3B28 /* AppDelegate.m */,
				5D77D7291B7AD7E30059DB6A /* Classes */,
				5DCDA64D1B8268850057DF62 /* Images.xcassets */,
				5D6FC87215CF357600343C56 /* LICENSE.txt */,
				5D77D7401B7AD7E30059DB6A /* LOD */,
				5D159D6116BB41EC007F75B0 /* LODManager.h */,
				5D159D6216BB41EC007F75B0 /* LODManager.m */,
				5D7D741B14B25F46005A3B28 /* MainStoryboard_iPad.storyboard */,
				5D7D741814B25F46005A3B28 /* MainStoryboard_iPhone.storyboard */,
				5D7D74AB14B288B5005A3B28 /* Resources */,
				5D7D740D14B25F45005A3B28 /* Supporting Files */,
				5D77D7431B7AD7E30059DB6A /* Utils */,
				5D77D7511B7AD7E30059DB6A /* Views */,
			);
			path = iOBJ;
			sourceTree = "<group>";
		};
		5D7D740D14B25F45005A3B28 /* Supporting Files */ = {
			isa = PBXGroup;
			children = (
				5D7D740F14B25F45005A3B28 /* InfoPlist.strings */,
				5D7D740E14B25F45005A3B28 /* iOBJ-Info.plist */,
				5D7D741414B25F45005A3B28 /* iOBJ-Prefix.pch */,
				5D7D741214B25F45005A3B28 /* main.m */,
			);
			name = "Supporting Files";
			sourceTree = "<group>";
		};
		5D7D747914B27E81005A3B28 /* iOBJTests */ = {
			isa = PBXGroup;
			children = (
				5D0DFDE115BF90930042AD07 /* GraphicObjectTests.h */,
				5D0DFDE215BF90930042AD07 /* GraphicObjectTests.m */,
				5D2F9AD414B3038B005C81A9 /* OBJParserTests.h */,
				5D2F9AD514B3038B005C81A9 /* OBJParserTests.m */,
				5D7D747A14B27E81005A3B28 /* Supporting Files */,
			);
			path = iOBJTests;
			sourceTree = "<group>";
		};
		5D7D747A14B27E81005A3B28 /* Supporting Files */ = {
			isa = PBXGroup;
			children = (
				5D7D747C14B27E81005A3B28 /* InfoPlist.strings */,
				5D7D747B14B27E81005A3B28 /* iOBJTests-Info.plist */,
				5D7D748214B27E81005A3B28 /* iOBJTests-Prefix.pch */,
			);
			name = "Supporting Files";
			sourceTree = "<group>";
		};
		5D7D74AB14B288B5005A3B28 /* Resources */ = {
			isa = PBXGroup;
			children = (
				5D7291491736DB1B00BA396B /* images */,
				5D7291481736DB1000BA396B /* models */,
			);
			name = Resources;
			path = ..;
			sourceTree = "<group>";
		};
		DBECB18764B3922DC697C2B2 /* Pods */ = {
			isa = PBXGroup;
			children = (
				4F74D2C3C4793DFF6A6F94CE /* Pods.debug.xcconfig */,
				28BFFDFA1A79E29C9AA42822 /* Pods.release.xcconfig */,
			);
			name = Pods;
			sourceTree = "<group>";
		};
/* End PBXGroup section */

/* Begin PBXNativeTarget section */
		5D7D73FD14B25F45005A3B28 /* iOBJ */ = {
			isa = PBXNativeTarget;
			buildConfigurationList = 5D7D742714B25F46005A3B28 /* Build configuration list for PBXNativeTarget "iOBJ" */;
			buildPhases = (
				CA04B177F624B3E804C5A466 /* Check Pods Manifest.lock */,
				5D7D73FA14B25F45005A3B28 /* Sources */,
				5D7D73FB14B25F45005A3B28 /* Frameworks */,
				5D7D73FC14B25F45005A3B28 /* Resources */,
				62B89D1A4AFBF5055BE70537 /* Copy Pods Resources */,
				5D77D76E1B7ADC440059DB6A /* ShellScript */,
			);
			buildRules = (
			);
			dependencies = (
			);
			name = iOBJ;
			productName = iOBJ;
			productReference = 5D7D73FE14B25F45005A3B28 /* iOBJ.app */;
			productType = "com.apple.product-type.application";
		};
		5D7D747314B27E81005A3B28 /* iOBJTests */ = {
			isa = PBXNativeTarget;
			buildConfigurationList = 5D7D748314B27E81005A3B28 /* Build configuration list for PBXNativeTarget "iOBJTests" */;
			buildPhases = (
				5D7D746F14B27E81005A3B28 /* Sources */,
				5D7D747014B27E81005A3B28 /* Frameworks */,
				5D7D747114B27E81005A3B28 /* Resources */,
				5D7D747214B27E81005A3B28 /* ShellScript */,
			);
			buildRules = (
			);
			dependencies = (
			);
			name = iOBJTests;
			productName = iOBJTests;
			productReference = 5D7D747414B27E81005A3B28 /* iOBJTests.octest */;
			productType = "com.apple.product-type.bundle.ocunit-test";
		};
/* End PBXNativeTarget section */

/* Begin PBXProject section */
		5D7D73F514B25F45005A3B28 /* Project object */ = {
			isa = PBXProject;
			attributes = {
				LastUpgradeCheck = 0640;
				TargetAttributes = {
					5D7D73FD14B25F45005A3B28 = {
						DevelopmentTeam = Y8764HX262;
					};
				};
			};
			buildConfigurationList = 5D7D73F814B25F45005A3B28 /* Build configuration list for PBXProject "iOBJ" */;
			compatibilityVersion = "Xcode 3.2";
			developmentRegion = English;
			hasScannedForEncodings = 0;
			knownRegions = (
				en,
			);
			mainGroup = 5D7D73F314B25F45005A3B28;
			productRefGroup = 5D7D73FF14B25F45005A3B28 /* Products */;
			projectDirPath = "";
			projectRoot = "";
			targets = (
				5D7D73FD14B25F45005A3B28 /* iOBJ */,
				5D7D747314B27E81005A3B28 /* iOBJTests */,
			);
		};
/* End PBXProject section */

/* Begin PBXResourcesBuildPhase section */
		5D7D73FC14B25F45005A3B28 /* Resources */ = {
			isa = PBXResourcesBuildPhase;
			buildActionMask = 2147483647;
			files = (
				5D7D741114B25F45005A3B28 /* InfoPlist.strings in Resources */,
				5D7D741A14B25F46005A3B28 /* MainStoryboard_iPhone.storyboard in Resources */,
				5D7D741D14B25F46005A3B28 /* MainStoryboard_iPad.storyboard in Resources */,
				5D6FC87315CF357600343C56 /* LICENSE.txt in Resources */,
				5D7291691736DBB300BA396B /* AntLion.mtl in Resources */,
				5D72916A1736DBB300BA396B /* AntLion.obj in Resources */,
				5D72916B1736DBB300BA396B /* Barrel Explosive.mtl in Resources */,
				5D72916C1736DBB300BA396B /* Barrel Explosive.obj in Resources */,
				5D72916D1736DBB300BA396B /* buggy.mtl in Resources */,
				5D72916E1736DBB300BA396B /* buggy.obj in Resources */,
				5D77D76D1B7AD9650059DB6A /* Initial.storyboard in Resources */,
				5D72916F1736DBB300BA396B /* classic-lamppost.mtl in Resources */,
				5D7291701736DBB300BA396B /* classic-lamppost.obj in Resources */,
				5D7291711736DBB300BA396B /* Combine_dropship.mtl in Resources */,
				5D7291721736DBB300BA396B /* Combine_dropship.obj in Resources */,
				5D7291731736DBB300BA396B /* dog.mtl in Resources */,
				5D7291741736DBB300BA396B /* dog.obj in Resources */,
				5D7291751736DBB300BA396B /* Rollermine.mtl in Resources */,
				5DCDA64E1B8268850057DF62 /* Images.xcassets in Resources */,
				5D7291761736DBB300BA396B /* Rollermine.obj in Resources */,
				5D7291771736DBB300BA396B /* ammo_box.tga in Resources */,
				5D7291781736DBB300BA396B /* antlionhigh_normal.tga in Resources */,
				5D7291791736DBB300BA396B /* antlionhigh_sheet.tga in Resources */,
				5D72917A1736DBB300BA396B /* Barrel_Ex_diff.tga in Resources */,
				5D72917B1736DBB300BA396B /* Barrel_Ex_norm.tga in Resources */,
				5D72917C1736DBB300BA396B /* buggy001.tga in Resources */,
				5D72917D1736DBB300BA396B /* combine_dropship01.tga in Resources */,
				5D72917E1736DBB300BA396B /* combine_dropship01_normal.tga in Resources */,
				5D72917F1736DBB300BA396B /* combine_fenceglow.tga in Resources */,
				5D7291801736DBB300BA396B /* combine_fenceglowb.tga in Resources */,
				5D7291811736DBB300BA396B /* dog_sheet.tga in Resources */,
				5D7291821736DBB300BA396B /* dropshipsheet.tga in Resources */,
				5D7291831736DBB300BA396B /* dropshipsheet_normal.tga in Resources */,
				5D7291841736DBB300BA396B /* eyeglass.tga in Resources */,
				5D7291851736DBB300BA396B /* rollermine_normal.tga in Resources */,
				5D7291861736DBB300BA396B /* rollermine_sheet.tga in Resources */,
				5D7291891736DBC200BA396B /* solid.png in Resources */,
				5D72918A1736DBC200BA396B /* texture.png in Resources */,
				5D72918C1736DE4400BA396B /* wireframe.png in Resources */,
				5D72918E1736E3EA00BA396B /* points.png in Resources */,
			);
			runOnlyForDeploymentPostprocessing = 0;
		};
		5D7D747114B27E81005A3B28 /* Resources */ = {
			isa = PBXResourcesBuildPhase;
			buildActionMask = 2147483647;
			files = (
				5D7D747E14B27E81005A3B28 /* InfoPlist.strings in Resources */,
			);
			runOnlyForDeploymentPostprocessing = 0;
		};
/* End PBXResourcesBuildPhase section */

/* Begin PBXShellScriptBuildPhase section */
		5D77D76E1B7ADC440059DB6A /* ShellScript */ = {
			isa = PBXShellScriptBuildPhase;
			buildActionMask = 2147483647;
			files = (
			);
			inputPaths = (
			);
			outputPaths = (
			);
			runOnlyForDeploymentPostprocessing = 0;
			shellPath = /bin/sh;
			shellScript = "\"${PODS_ROOT}/Fabric/Fabric.framework/run\" 2cf84b5875635ed925f28aff55b20ea034a55ae7 80c738e5ab45417d0cd9f4f45714e8e7e243288b6a03f97b55fa095fd3bf73e3";
		};
		5D7D747214B27E81005A3B28 /* ShellScript */ = {
			isa = PBXShellScriptBuildPhase;
			buildActionMask = 2147483647;
			files = (
			);
			inputPaths = (
			);
			outputPaths = (
			);
			runOnlyForDeploymentPostprocessing = 0;
			shellPath = /bin/sh;
			shellScript = "# Run the unit tests in this test bundle.\n\"${SYSTEM_DEVELOPER_DIR}/Tools/RunUnitTests\"\n";
		};
		62B89D1A4AFBF5055BE70537 /* Copy Pods Resources */ = {
			isa = PBXShellScriptBuildPhase;
			buildActionMask = 2147483647;
			files = (
			);
			inputPaths = (
			);
			name = "Copy Pods Resources";
			outputPaths = (
			);
			runOnlyForDeploymentPostprocessing = 0;
			shellPath = /bin/sh;
			shellScript = "\"${SRCROOT}/Pods/Target Support Files/Pods/Pods-resources.sh\"\n";
			showEnvVarsInLog = 0;
		};
		CA04B177F624B3E804C5A466 /* Check Pods Manifest.lock */ = {
			isa = PBXShellScriptBuildPhase;
			buildActionMask = 2147483647;
			files = (
			);
			inputPaths = (
			);
			name = "Check Pods Manifest.lock";
			outputPaths = (
			);
			runOnlyForDeploymentPostprocessing = 0;
			shellPath = /bin/sh;
			shellScript = "diff \"${PODS_ROOT}/../Podfile.lock\" \"${PODS_ROOT}/Manifest.lock\" > /dev/null\nif [[ $? != 0 ]] ; then\n    cat << EOM\nerror: The sandbox is not in sync with the Podfile.lock. Run 'pod install' or update your CocoaPods installation.\nEOM\n    exit 1\nfi\n";
			showEnvVarsInLog = 0;
		};
/* End PBXShellScriptBuildPhase section */

/* Begin PBXSourcesBuildPhase section */
		5D7D73FA14B25F45005A3B28 /* Sources */ = {
			isa = PBXSourcesBuildPhase;
			buildActionMask = 2147483647;
			files = (
				5D77D7601B7AD7E30059DB6A /* ProgressiveMesh.m in Sources */,
				5D77D7611B7AD7E30059DB6A /* NSObject+PerformBlock.m in Sources */,
				5D77D7561B7AD7E30059DB6A /* Camera.m in Sources */,
				5D77D76B1B7AD93A0059DB6A /* InitialViewController.m in Sources */,
				5D77D7591B7AD7E30059DB6A /* Material.m in Sources */,
				5D7D741314B25F45005A3B28 /* main.m in Sources */,
				5D77D75B1B7AD7E30059DB6A /* MeshMaterial.m in Sources */,
				5D7D741714B25F45005A3B28 /* AppDelegate.m in Sources */,
				5D159D6316BB41EC007F75B0 /* LODManager.m in Sources */,
				5D77D7661B7AD7E30059DB6A /* UIView+Additions.m in Sources */,
				5D77D75E1B7AD7E30059DB6A /* Transform.m in Sources */,
				5D77D7571B7AD7E30059DB6A /* Face3.m in Sources */,
				5D77D7641B7AD7E30059DB6A /* OBJParser.m in Sources */,
				5D77D75A1B7AD7E30059DB6A /* Mesh.m in Sources */,
				5D77D75F1B7AD7E30059DB6A /* Vertex.m in Sources */,
				5D77D7671B7AD7E30059DB6A /* FileListViewController.m in Sources */,
				5D77D7581B7AD7E30059DB6A /* GraphicObject.m in Sources */,
				5D77D7681B7AD7E30059DB6A /* ViewController.m in Sources */,
				5D77D7631B7AD7E30059DB6A /* MaterialParser.m in Sources */,
				5D77D75C1B7AD7E30059DB6A /* NSMutableArray+Additions.m in Sources */,
				5D77D7621B7AD7E30059DB6A /* DataParser.m in Sources */,
				5D77D75D1B7AD7E30059DB6A /* NSScanner+Additions.m in Sources */,
				5D77D7651B7AD7E30059DB6A /* UIButton+DisplayMode.m in Sources */,
			);
			runOnlyForDeploymentPostprocessing = 0;
		};
		5D7D746F14B27E81005A3B28 /* Sources */ = {
			isa = PBXSourcesBuildPhase;
			buildActionMask = 2147483647;
			files = (
				5D2F9AD614B3038B005C81A9 /* OBJParserTests.m in Sources */,
				5D0DFDE315BF90930042AD07 /* GraphicObjectTests.m in Sources */,
			);
			runOnlyForDeploymentPostprocessing = 0;
		};
/* End PBXSourcesBuildPhase section */

/* Begin PBXVariantGroup section */
		5D7D740F14B25F45005A3B28 /* InfoPlist.strings */ = {
			isa = PBXVariantGroup;
			children = (
				5D7D741014B25F45005A3B28 /* en */,
			);
			name = InfoPlist.strings;
			sourceTree = "<group>";
		};
		5D7D741814B25F46005A3B28 /* MainStoryboard_iPhone.storyboard */ = {
			isa = PBXVariantGroup;
			children = (
				5D7D741914B25F46005A3B28 /* en */,
			);
			name = MainStoryboard_iPhone.storyboard;
			sourceTree = "<group>";
		};
		5D7D741B14B25F46005A3B28 /* MainStoryboard_iPad.storyboard */ = {
			isa = PBXVariantGroup;
			children = (
				5D7D741C14B25F46005A3B28 /* en */,
			);
			name = MainStoryboard_iPad.storyboard;
			sourceTree = "<group>";
		};
		5D7D747C14B27E81005A3B28 /* InfoPlist.strings */ = {
			isa = PBXVariantGroup;
			children = (
				5D7D747D14B27E81005A3B28 /* en */,
			);
			name = InfoPlist.strings;
			sourceTree = "<group>";
		};
/* End PBXVariantGroup section */

/* Begin XCBuildConfiguration section */
		5D7D742514B25F46005A3B28 /* Debug */ = {
			isa = XCBuildConfiguration;
			buildSettings = {
				ALWAYS_SEARCH_USER_PATHS = NO;
				CLANG_ENABLE_OBJC_ARC = YES;
				CLANG_WARN_BOOL_CONVERSION = YES;
				CLANG_WARN_CONSTANT_CONVERSION = YES;
				CLANG_WARN_EMPTY_BODY = YES;
				CLANG_WARN_ENUM_CONVERSION = YES;
				CLANG_WARN_INT_CONVERSION = YES;
				CLANG_WARN_UNREACHABLE_CODE = YES;
				CLANG_WARN__DUPLICATE_METHOD_MATCH = YES;
				"CODE_SIGN_IDENTITY[sdk=iphoneos*]" = "iPhone Developer";
				COPY_PHASE_STRIP = NO;
				ENABLE_STRICT_OBJC_MSGSEND = YES;
				GCC_C_LANGUAGE_STANDARD = gnu99;
				GCC_DYNAMIC_NO_PIC = NO;
				GCC_NO_COMMON_BLOCKS = YES;
				GCC_OPTIMIZATION_LEVEL = 0;
				GCC_PREPROCESSOR_DEFINITIONS = (
					"DEBUG=1",
					"$(inherited)",
				);
				GCC_SYMBOLS_PRIVATE_EXTERN = NO;
				GCC_VERSION = com.apple.compilers.llvm.clang.1_0;
				GCC_WARN_64_TO_32_BIT_CONVERSION = YES;
				GCC_WARN_ABOUT_MISSING_PROTOTYPES = YES;
				GCC_WARN_ABOUT_RETURN_TYPE = YES;
				GCC_WARN_UNDECLARED_SELECTOR = YES;
				GCC_WARN_UNINITIALIZED_AUTOS = YES;
				GCC_WARN_UNUSED_FUNCTION = YES;
				GCC_WARN_UNUSED_VARIABLE = YES;
				IPHONEOS_DEPLOYMENT_TARGET = 8.0;
				ONLY_ACTIVE_ARCH = YES;
				SDKROOT = iphoneos;
				TARGETED_DEVICE_FAMILY = "1,2";
			};
			name = Debug;
		};
		5D7D742614B25F46005A3B28 /* Release */ = {
			isa = XCBuildConfiguration;
			buildSettings = {
				ALWAYS_SEARCH_USER_PATHS = NO;
				CLANG_ENABLE_OBJC_ARC = YES;
				CLANG_WARN_BOOL_CONVERSION = YES;
				CLANG_WARN_CONSTANT_CONVERSION = YES;
				CLANG_WARN_EMPTY_BODY = YES;
				CLANG_WARN_ENUM_CONVERSION = YES;
				CLANG_WARN_INT_CONVERSION = YES;
				CLANG_WARN_UNREACHABLE_CODE = YES;
				CLANG_WARN__DUPLICATE_METHOD_MATCH = YES;
				"CODE_SIGN_IDENTITY[sdk=iphoneos*]" = "iPhone Developer";
				COPY_PHASE_STRIP = YES;
				ENABLE_STRICT_OBJC_MSGSEND = YES;
				GCC_C_LANGUAGE_STANDARD = gnu99;
				GCC_NO_COMMON_BLOCKS = YES;
				GCC_VERSION = com.apple.compilers.llvm.clang.1_0;
				GCC_WARN_64_TO_32_BIT_CONVERSION = YES;
				GCC_WARN_ABOUT_MISSING_PROTOTYPES = YES;
				GCC_WARN_ABOUT_RETURN_TYPE = YES;
				GCC_WARN_UNDECLARED_SELECTOR = YES;
				GCC_WARN_UNINITIALIZED_AUTOS = YES;
				GCC_WARN_UNUSED_FUNCTION = YES;
				GCC_WARN_UNUSED_VARIABLE = YES;
				IPHONEOS_DEPLOYMENT_TARGET = 8.0;
				OTHER_CFLAGS = "-DNS_BLOCK_ASSERTIONS=1";
				SDKROOT = iphoneos;
				TARGETED_DEVICE_FAMILY = "1,2";
				VALIDATE_PRODUCT = YES;
			};
			name = Release;
		};
		5D7D742814B25F46005A3B28 /* Debug */ = {
			isa = XCBuildConfiguration;
			baseConfigurationReference = 4F74D2C3C4793DFF6A6F94CE /* Pods.debug.xcconfig */;
			buildSettings = {
				ASSETCATALOG_COMPILER_APPICON_NAME = AppIcon;
				ASSETCATALOG_COMPILER_LAUNCHIMAGE_NAME = LaunchImage;
				FRAMEWORK_SEARCH_PATHS = (
					"$(inherited)",
					"\"$(DEVELOPER_FRAMEWORKS_DIR)\"",
				);
				GCC_PRECOMPILE_PREFIX_HEADER = YES;
				GCC_PREFIX_HEADER = "iOBJ/iOBJ-Prefix.pch";
				"GCC_THUMB_SUPPORT[arch=armv6]" = "";
				INFOPLIST_FILE = "iOBJ/iOBJ-Info.plist";
				IPHONEOS_DEPLOYMENT_TARGET = 8.0;
				LIBRARY_SEARCH_PATHS = "$(inherited)";
				OTHER_LDFLAGS = (
					"$(inherited)",
					"-ObjC",
					"-l\"c++\"",
					"-l\"z\"",
					"-framework",
					"\"Security\"",
					"-framework",
					"\"SystemConfiguration\"",
					"-framework",
					"\"UIKit\"",
				);
				PRODUCT_NAME = "$(TARGET_NAME)";
				WRAPPER_EXTENSION = app;
			};
			name = Debug;
		};
		5D7D742914B25F46005A3B28 /* Release */ = {
			isa = XCBuildConfiguration;
			baseConfigurationReference = 28BFFDFA1A79E29C9AA42822 /* Pods.release.xcconfig */;
			buildSettings = {
				ASSETCATALOG_COMPILER_APPICON_NAME = AppIcon;
				ASSETCATALOG_COMPILER_LAUNCHIMAGE_NAME = LaunchImage;
				FRAMEWORK_SEARCH_PATHS = (
					"$(inherited)",
					"\"$(DEVELOPER_FRAMEWORKS_DIR)\"",
				);
				GCC_PRECOMPILE_PREFIX_HEADER = YES;
				GCC_PREFIX_HEADER = "iOBJ/iOBJ-Prefix.pch";
				"GCC_THUMB_SUPPORT[arch=armv6]" = "";
				INFOPLIST_FILE = "iOBJ/iOBJ-Info.plist";
				IPHONEOS_DEPLOYMENT_TARGET = 8.0;
				LIBRARY_SEARCH_PATHS = "$(inherited)";
				OTHER_LDFLAGS = (
					"$(inherited)",
					"-ObjC",
					"-l\"c++\"",
					"-l\"z\"",
					"-framework",
					"\"Security\"",
					"-framework",
					"\"SystemConfiguration\"",
					"-framework",
					"\"UIKit\"",
				);
				PRODUCT_NAME = "$(TARGET_NAME)";
				WRAPPER_EXTENSION = app;
			};
			name = Release;
		};
		5D7D748414B27E81005A3B28 /* Debug */ = {
			isa = XCBuildConfiguration;
			buildSettings = {
				FRAMEWORK_SEARCH_PATHS = (
					"$(SDKROOT)/Developer/Library/Frameworks",
					"$(DEVELOPER_LIBRARY_DIR)/Frameworks",
				);
				GCC_PRECOMPILE_PREFIX_HEADER = YES;
				GCC_PREFIX_HEADER = "iOBJTests/iOBJTests-Prefix.pch";
				INFOPLIST_FILE = "iOBJTests/iOBJTests-Info.plist";
				OTHER_LDFLAGS = "$(inherited)";
				PRODUCT_NAME = "$(TARGET_NAME)";
				WRAPPER_EXTENSION = octest;
			};
			name = Debug;
		};
		5D7D748514B27E81005A3B28 /* Release */ = {
			isa = XCBuildConfiguration;
			buildSettings = {
				FRAMEWORK_SEARCH_PATHS = (
					"$(SDKROOT)/Developer/Library/Frameworks",
					"$(DEVELOPER_LIBRARY_DIR)/Frameworks",
				);
				GCC_PRECOMPILE_PREFIX_HEADER = YES;
				GCC_PREFIX_HEADER = "iOBJTests/iOBJTests-Prefix.pch";
				INFOPLIST_FILE = "iOBJTests/iOBJTests-Info.plist";
				OTHER_LDFLAGS = "$(inherited)";
				PRODUCT_NAME = "$(TARGET_NAME)";
				WRAPPER_EXTENSION = octest;
			};
			name = Release;
		};
/* End XCBuildConfiguration section */

/* Begin XCConfigurationList section */
		5D7D73F814B25F45005A3B28 /* Build configuration list for PBXProject "iOBJ" */ = {
			isa = XCConfigurationList;
			buildConfigurations = (
				5D7D742514B25F46005A3B28 /* Debug */,
				5D7D742614B25F46005A3B28 /* Release */,
			);
			defaultConfigurationIsVisible = 0;
			defaultConfigurationName = Release;
		};
		5D7D742714B25F46005A3B28 /* Build configuration list for PBXNativeTarget "iOBJ" */ = {
			isa = XCConfigurationList;
			buildConfigurations = (
				5D7D742814B25F46005A3B28 /* Debug */,
				5D7D742914B25F46005A3B28 /* Release */,
			);
			defaultConfigurationIsVisible = 0;
			defaultConfigurationName = Release;
		};
		5D7D748314B27E81005A3B28 /* Build configuration list for PBXNativeTarget "iOBJTests" */ = {
			isa = XCConfigurationList;
			buildConfigurations = (
				5D7D748414B27E81005A3B28 /* Debug */,
				5D7D748514B27E81005A3B28 /* Release */,
			);
			defaultConfigurationIsVisible = 0;
			defaultConfigurationName = Release;
		};
/* End XCConfigurationList section */
	};
	rootObject = 5D7D73F514B25F45005A3B28 /* Project object */;
}
