// !$*UTF8*$!
{
	archiveVersion = 1;
	classes = {
	};
	objectVersion = 46;
	objects = {

/* Begin PBXBuildFile section */
		5D06346C16C7BCDC00D7CAEA /* NSMutableArray+Additions.h in Headers */ = {isa = PBXBuildFile; fileRef = 5D06346A16C7BCDC00D7CAEA /* NSMutableArray+Additions.h */; };
		5D06347016C7BEC700D7CAEA /* ProgressiveMesh.h in Headers */ = {isa = PBXBuildFile; fileRef = 5D06346E16C7BEC700D7CAEA /* ProgressiveMesh.h */; };
		5D06347116C7BEC700D7CAEA /* ProgressiveMesh.m in Sources */ = {isa = PBXBuildFile; fileRef = 5D06346F16C7BEC700D7CAEA /* ProgressiveMesh.m */; };
		5D06347316C7C52700D7CAEA /* Vertex.m in Sources */ = {isa = PBXBuildFile; fileRef = 5D06347216C7C52700D7CAEA /* Vertex.m */; };
		5D0DFDE315BF90930042AD07 /* GraphicObjectTests.m in Sources */ = {isa = PBXBuildFile; fileRef = 5D0DFDE215BF90930042AD07 /* GraphicObjectTests.m */; };
		5D0DFDED15BF9BAF0042AD07 /* GLKit.framework in Frameworks */ = {isa = PBXBuildFile; fileRef = 5D7D740814B25F45005A3B28 /* GLKit.framework */; };
		5D0DFDEE15BF9BB50042AD07 /* OpenGLES.framework in Frameworks */ = {isa = PBXBuildFile; fileRef = 5D7D740A14B25F45005A3B28 /* OpenGLES.framework */; };
		5D0DFDF715BF9DEE0042AD07 /* GLKit.framework in Frameworks */ = {isa = PBXBuildFile; fileRef = 5D7D740814B25F45005A3B28 /* GLKit.framework */; };
		5D0DFDF815BF9DF40042AD07 /* OpenGLES.framework in Frameworks */ = {isa = PBXBuildFile; fileRef = 5D7D740A14B25F45005A3B28 /* OpenGLES.framework */; };
		5D159D6316BB41EC007F75B0 /* LODManager.m in Sources */ = {isa = PBXBuildFile; fileRef = 5D159D6216BB41EC007F75B0 /* LODManager.m */; };
		5D1BEA1E15FD5015002C73ED /* MeshMaterial.h in Headers */ = {isa = PBXBuildFile; fileRef = 5D1BEA1C15FD5015002C73ED /* MeshMaterial.h */; };
		5D1BEA1F15FD5015002C73ED /* MeshMaterial.m in Sources */ = {isa = PBXBuildFile; fileRef = 5D1BEA1D15FD5015002C73ED /* MeshMaterial.m */; };
		5D1F246F14F5B2C300E551F0 /* Camera.h in Headers */ = {isa = PBXBuildFile; fileRef = 5D1F246D14F5B2C300E551F0 /* Camera.h */; settings = {ATTRIBUTES = (); }; };
		5D1F247014F5B2C300E551F0 /* Camera.m in Sources */ = {isa = PBXBuildFile; fileRef = 5D1F246E14F5B2C300E551F0 /* Camera.m */; };
		5D22915716C8612E00A290C5 /* NSMutableArray+Additions.m in Sources */ = {isa = PBXBuildFile; fileRef = 5D06346B16C7BCDC00D7CAEA /* NSMutableArray+Additions.m */; };
		5D22915816C8613B00A290C5 /* NSMutableArray+Additions.m in Sources */ = {isa = PBXBuildFile; fileRef = 5D06346B16C7BCDC00D7CAEA /* NSMutableArray+Additions.m */; };
		5D22915916C8614300A290C5 /* NSMutableArray+Additions.m in Sources */ = {isa = PBXBuildFile; fileRef = 5D06346B16C7BCDC00D7CAEA /* NSMutableArray+Additions.m */; };
		5D2F9AD614B3038B005C81A9 /* OBJParserTests.m in Sources */ = {isa = PBXBuildFile; fileRef = 5D2F9AD514B3038B005C81A9 /* OBJParserTests.m */; };
		5D2F9AD914B303CC005C81A9 /* OBJParser.h in Headers */ = {isa = PBXBuildFile; fileRef = 5D2F9AD714B303CC005C81A9 /* OBJParser.h */; settings = {ATTRIBUTES = (); }; };
		5D2F9ADA14B303CC005C81A9 /* OBJParser.m in Sources */ = {isa = PBXBuildFile; fileRef = 5D2F9AD814B303CC005C81A9 /* OBJParser.m */; };
		5D2F9ADD14B303EE005C81A9 /* Mesh.h in Headers */ = {isa = PBXBuildFile; fileRef = 5D2F9ADB14B303EE005C81A9 /* Mesh.h */; settings = {ATTRIBUTES = (); }; };
		5D2F9ADE14B303EE005C81A9 /* Mesh.m in Sources */ = {isa = PBXBuildFile; fileRef = 5D2F9ADC14B303EE005C81A9 /* Mesh.m */; };
		5D3906431613B25200BF3765 /* FileListViewController.m in Sources */ = {isa = PBXBuildFile; fileRef = 5D3906421613B25200BF3765 /* FileListViewController.m */; };
		5D41DAF615EA7FC5001B5DF2 /* NSScanner+Additions.h in Headers */ = {isa = PBXBuildFile; fileRef = 5D41DAF415EA7FC5001B5DF2 /* NSScanner+Additions.h */; };
		5D41DAF715EA7FC5001B5DF2 /* NSScanner+Additions.m in Sources */ = {isa = PBXBuildFile; fileRef = 5D41DAF515EA7FC5001B5DF2 /* NSScanner+Additions.m */; };
		5D41DAFE15EA8F50001B5DF2 /* NSScanner+Additions.m in Sources */ = {isa = PBXBuildFile; fileRef = 5D41DAF515EA7FC5001B5DF2 /* NSScanner+Additions.m */; };
		5D41DB0715EAE55D001B5DF2 /* NSScanner+Additions.m in Sources */ = {isa = PBXBuildFile; fileRef = 5D41DAF515EA7FC5001B5DF2 /* NSScanner+Additions.m */; };
		5D6A9B5915E12BE900CFA58B /* Vertex.h in Headers */ = {isa = PBXBuildFile; fileRef = 5D6A9B5815E12BE900CFA58B /* Vertex.h */; };
		5D6A9B5C15E12C6000CFA58B /* Face3.h in Headers */ = {isa = PBXBuildFile; fileRef = 5D6A9B5A15E12C5F00CFA58B /* Face3.h */; };
		5D6A9B5D15E12C6000CFA58B /* Face3.m in Sources */ = {isa = PBXBuildFile; fileRef = 5D6A9B5B15E12C5F00CFA58B /* Face3.m */; };
		5D6BB1B815D473D200D2A4DF /* UIKit.framework in Frameworks */ = {isa = PBXBuildFile; fileRef = 5D7D740214B25F45005A3B28 /* UIKit.framework */; };
		5D6FC7CB15CEEDD100343C56 /* classic-lamppost.obj in Resources */ = {isa = PBXBuildFile; fileRef = 5D6FC7CA15CEEDD100343C56 /* classic-lamppost.obj */; };
		5D6FC80515CF246200343C56 /* classic-lamppost.mtl in Resources */ = {isa = PBXBuildFile; fileRef = 5D6FC80415CF246200343C56 /* classic-lamppost.mtl */; };
		5D6FC80915CF308600343C56 /* Material.h in Headers */ = {isa = PBXBuildFile; fileRef = 5D6FC80715CF308500343C56 /* Material.h */; };
		5D6FC80A15CF308600343C56 /* Material.m in Sources */ = {isa = PBXBuildFile; fileRef = 5D6FC80815CF308600343C56 /* Material.m */; };
		5D6FC83F15CF354D00343C56 /* AntLion.mtl in Resources */ = {isa = PBXBuildFile; fileRef = 5D6FC80B15CF354A00343C56 /* AntLion.mtl */; };
		5D6FC84015CF354D00343C56 /* AntLion.obj in Resources */ = {isa = PBXBuildFile; fileRef = 5D6FC80C15CF354A00343C56 /* AntLion.obj */; };
		5D6FC84115CF354D00343C56 /* buggy.mtl in Resources */ = {isa = PBXBuildFile; fileRef = 5D6FC80D15CF354B00343C56 /* buggy.mtl */; };
		5D6FC84215CF354D00343C56 /* buggy.obj in Resources */ = {isa = PBXBuildFile; fileRef = 5D6FC80E15CF354B00343C56 /* buggy.obj */; };
		5D6FC84315CF354D00343C56 /* Combine_dropship.mtl in Resources */ = {isa = PBXBuildFile; fileRef = 5D6FC80F15CF354B00343C56 /* Combine_dropship.mtl */; };
		5D6FC84415CF354D00343C56 /* Combine_dropship.obj in Resources */ = {isa = PBXBuildFile; fileRef = 5D6FC81015CF354B00343C56 /* Combine_dropship.obj */; };
		5D6FC84515CF354D00343C56 /* dog.mtl in Resources */ = {isa = PBXBuildFile; fileRef = 5D6FC81115CF354B00343C56 /* dog.mtl */; };
		5D6FC84615CF354D00343C56 /* dog.obj in Resources */ = {isa = PBXBuildFile; fileRef = 5D6FC81215CF354B00343C56 /* dog.obj */; };
		5D6FC84E15CF354D00343C56 /* Rollermine.mtl in Resources */ = {isa = PBXBuildFile; fileRef = 5D6FC81A15CF354C00343C56 /* Rollermine.mtl */; };
		5D6FC84F15CF354D00343C56 /* Rollermine.obj in Resources */ = {isa = PBXBuildFile; fileRef = 5D6FC81B15CF354C00343C56 /* Rollermine.obj */; };
		5D6FC85215CF354D00343C56 /* ammo_box.tga in Resources */ = {isa = PBXBuildFile; fileRef = 5D6FC81F15CF354D00343C56 /* ammo_box.tga */; };
		5D6FC85315CF354D00343C56 /* antlionhigh_normal.tga in Resources */ = {isa = PBXBuildFile; fileRef = 5D6FC82015CF354D00343C56 /* antlionhigh_normal.tga */; };
		5D6FC85415CF354D00343C56 /* antlionhigh_sheet.tga in Resources */ = {isa = PBXBuildFile; fileRef = 5D6FC82115CF354D00343C56 /* antlionhigh_sheet.tga */; };
		5D6FC85815CF354D00343C56 /* buggy001.tga in Resources */ = {isa = PBXBuildFile; fileRef = 5D6FC82515CF354D00343C56 /* buggy001.tga */; };
		5D6FC85915CF354D00343C56 /* combine_dropship01.tga in Resources */ = {isa = PBXBuildFile; fileRef = 5D6FC82615CF354D00343C56 /* combine_dropship01.tga */; };
		5D6FC85A15CF354D00343C56 /* combine_dropship01_normal.tga in Resources */ = {isa = PBXBuildFile; fileRef = 5D6FC82715CF354D00343C56 /* combine_dropship01_normal.tga */; };
		5D6FC85B15CF354D00343C56 /* combine_fenceglow.tga in Resources */ = {isa = PBXBuildFile; fileRef = 5D6FC82815CF354D00343C56 /* combine_fenceglow.tga */; };
		5D6FC85C15CF354D00343C56 /* combine_fenceglowb.tga in Resources */ = {isa = PBXBuildFile; fileRef = 5D6FC82915CF354D00343C56 /* combine_fenceglowb.tga */; };
		5D6FC85D15CF354D00343C56 /* dog_sheet.tga in Resources */ = {isa = PBXBuildFile; fileRef = 5D6FC82A15CF354D00343C56 /* dog_sheet.tga */; };
		5D6FC85E15CF354D00343C56 /* dropshipsheet.tga in Resources */ = {isa = PBXBuildFile; fileRef = 5D6FC82B15CF354D00343C56 /* dropshipsheet.tga */; };
		5D6FC85F15CF354D00343C56 /* dropshipsheet_normal.tga in Resources */ = {isa = PBXBuildFile; fileRef = 5D6FC82C15CF354D00343C56 /* dropshipsheet_normal.tga */; };
		5D6FC86215CF354D00343C56 /* eyeglass.tga in Resources */ = {isa = PBXBuildFile; fileRef = 5D6FC82F15CF354D00343C56 /* eyeglass.tga */; };
		5D6FC87015CF354D00343C56 /* rollermine_normal.tga in Resources */ = {isa = PBXBuildFile; fileRef = 5D6FC83D15CF354D00343C56 /* rollermine_normal.tga */; };
		5D6FC87115CF354D00343C56 /* rollermine_sheet.tga in Resources */ = {isa = PBXBuildFile; fileRef = 5D6FC83E15CF354D00343C56 /* rollermine_sheet.tga */; };
		5D6FC87315CF357600343C56 /* LICENSE.txt in Resources */ = {isa = PBXBuildFile; fileRef = 5D6FC87215CF357600343C56 /* LICENSE.txt */; };
		5D78EFEE1657F70B00C235F5 /* UIView+Additions.m in Sources */ = {isa = PBXBuildFile; fileRef = 5D78EFED1657F70B00C235F5 /* UIView+Additions.m */; };
		5D7D740314B25F45005A3B28 /* UIKit.framework in Frameworks */ = {isa = PBXBuildFile; fileRef = 5D7D740214B25F45005A3B28 /* UIKit.framework */; };
		5D7D740514B25F45005A3B28 /* Foundation.framework in Frameworks */ = {isa = PBXBuildFile; fileRef = 5D7D740414B25F45005A3B28 /* Foundation.framework */; };
		5D7D740914B25F45005A3B28 /* GLKit.framework in Frameworks */ = {isa = PBXBuildFile; fileRef = 5D7D740814B25F45005A3B28 /* GLKit.framework */; };
		5D7D740B14B25F45005A3B28 /* OpenGLES.framework in Frameworks */ = {isa = PBXBuildFile; fileRef = 5D7D740A14B25F45005A3B28 /* OpenGLES.framework */; };
		5D7D741114B25F45005A3B28 /* InfoPlist.strings in Resources */ = {isa = PBXBuildFile; fileRef = 5D7D740F14B25F45005A3B28 /* InfoPlist.strings */; };
		5D7D741314B25F45005A3B28 /* main.m in Sources */ = {isa = PBXBuildFile; fileRef = 5D7D741214B25F45005A3B28 /* main.m */; };
		5D7D741714B25F45005A3B28 /* AppDelegate.m in Sources */ = {isa = PBXBuildFile; fileRef = 5D7D741614B25F45005A3B28 /* AppDelegate.m */; };
		5D7D741A14B25F46005A3B28 /* MainStoryboard_iPhone.storyboard in Resources */ = {isa = PBXBuildFile; fileRef = 5D7D741814B25F46005A3B28 /* MainStoryboard_iPhone.storyboard */; };
		5D7D741D14B25F46005A3B28 /* MainStoryboard_iPad.storyboard in Resources */ = {isa = PBXBuildFile; fileRef = 5D7D741B14B25F46005A3B28 /* MainStoryboard_iPad.storyboard */; };
		5D7D742414B25F46005A3B28 /* ViewController.m in Sources */ = {isa = PBXBuildFile; fileRef = 5D7D742314B25F46005A3B28 /* ViewController.m */; };
		5D7D746514B27E55005A3B28 /* Foundation.framework in Frameworks */ = {isa = PBXBuildFile; fileRef = 5D7D740414B25F45005A3B28 /* Foundation.framework */; };
		5D7D747614B27E81005A3B28 /* SenTestingKit.framework in Frameworks */ = {isa = PBXBuildFile; fileRef = 5D7D747514B27E81005A3B28 /* SenTestingKit.framework */; };
		5D7D747814B27E81005A3B28 /* Foundation.framework in Frameworks */ = {isa = PBXBuildFile; fileRef = 5D7D740414B25F45005A3B28 /* Foundation.framework */; };
		5D7D747E14B27E81005A3B28 /* InfoPlist.strings in Resources */ = {isa = PBXBuildFile; fileRef = 5D7D747C14B27E81005A3B28 /* InfoPlist.strings */; };
		5D7D748B14B27EAC005A3B28 /* libiOBJCore.a in Frameworks */ = {isa = PBXBuildFile; fileRef = 5D7D746414B27E55005A3B28 /* libiOBJCore.a */; };
		5D7D74A614B280E6005A3B28 /* iOBJCore-Prefix.pch in Headers */ = {isa = PBXBuildFile; fileRef = 5D7D74A514B280E6005A3B28 /* iOBJCore-Prefix.pch */; settings = {ATTRIBUTES = (); }; };
		5D80B07E15D0B86500DA96E3 /* MaterialParser.h in Headers */ = {isa = PBXBuildFile; fileRef = 5D80B07C15D0B86500DA96E3 /* MaterialParser.h */; };
		5D80B07F15D0B86500DA96E3 /* MaterialParser.m in Sources */ = {isa = PBXBuildFile; fileRef = 5D80B07D15D0B86500DA96E3 /* MaterialParser.m */; };
		5D80B08315D0BCD200DA96E3 /* DataParser.h in Headers */ = {isa = PBXBuildFile; fileRef = 5D80B08115D0BCD200DA96E3 /* DataParser.h */; };
		5D80B08415D0BCD200DA96E3 /* DataParser.m in Sources */ = {isa = PBXBuildFile; fileRef = 5D80B08215D0BCD200DA96E3 /* DataParser.m */; };
		5D8F144D16AC9CC7000942AD /* Shaders.h in Headers */ = {isa = PBXBuildFile; fileRef = 5D8F144B16AC9CC7000942AD /* Shaders.h */; };
		5DAF419E16474862003B1A19 /* NSObject+PerformBlock.m in Sources */ = {isa = PBXBuildFile; fileRef = 5DAF419D16474862003B1A19 /* NSObject+PerformBlock.m */; };
		5DAF41A216475651003B1A19 /* UIBarButtonItem+DisplayMode.m in Sources */ = {isa = PBXBuildFile; fileRef = 5DAF41A116475651003B1A19 /* UIBarButtonItem+DisplayMode.m */; };
		5DAF41A6164762E7003B1A19 /* Default-568h@2x.png in Resources */ = {isa = PBXBuildFile; fileRef = 5DAF41A3164762E7003B1A19 /* Default-568h@2x.png */; };
		5DAF41A7164762E7003B1A19 /* Default.png in Resources */ = {isa = PBXBuildFile; fileRef = 5DAF41A4164762E7003B1A19 /* Default.png */; };
		5DAF41A8164762E7003B1A19 /* Default@2x.png in Resources */ = {isa = PBXBuildFile; fileRef = 5DAF41A5164762E7003B1A19 /* Default@2x.png */; };
		5DC4A5F515E1931200508A3C /* Barrel Explosive.mtl in Resources */ = {isa = PBXBuildFile; fileRef = 5DC4A5F315E1931200508A3C /* Barrel Explosive.mtl */; };
		5DC4A5F615E1931200508A3C /* Barrel Explosive.obj in Resources */ = {isa = PBXBuildFile; fileRef = 5DC4A5F415E1931200508A3C /* Barrel Explosive.obj */; };
		5DC4A5F915E1932300508A3C /* Barrel_Ex_diff.tga in Resources */ = {isa = PBXBuildFile; fileRef = 5DC4A5F715E1932300508A3C /* Barrel_Ex_diff.tga */; };
		5DC4A5FA15E1932300508A3C /* Barrel_Ex_norm.tga in Resources */ = {isa = PBXBuildFile; fileRef = 5DC4A5F815E1932300508A3C /* Barrel_Ex_norm.tga */; };
		5DE9B6E615CD5F6B00FAF44C /* libiOBJCore.a in Frameworks */ = {isa = PBXBuildFile; fileRef = 5D7D746414B27E55005A3B28 /* libiOBJCore.a */; };
		5DF2E9C714E5B7FD00F81DEB /* Transform.h in Headers */ = {isa = PBXBuildFile; fileRef = 5DF2E9C514E5B7FD00F81DEB /* Transform.h */; settings = {ATTRIBUTES = (); }; };
		5DF2E9C814E5B7FD00F81DEB /* Transform.m in Sources */ = {isa = PBXBuildFile; fileRef = 5DF2E9C614E5B7FD00F81DEB /* Transform.m */; };
		B93CA49C14BA02710098FCCA /* GraphicObject.h in Headers */ = {isa = PBXBuildFile; fileRef = B93CA49814BA02710098FCCA /* GraphicObject.h */; settings = {ATTRIBUTES = (); }; };
		B93CA49D14BA02710098FCCA /* GraphicObject.m in Sources */ = {isa = PBXBuildFile; fileRef = B93CA49914BA02710098FCCA /* GraphicObject.m */; };
/* End PBXBuildFile section */

/* Begin PBXContainerItemProxy section */
		5D353D5615CEB4BE0065F115 /* PBXContainerItemProxy */ = {
			isa = PBXContainerItemProxy;
			containerPortal = 5D7D73F514B25F45005A3B28 /* Project object */;
			proxyType = 1;
			remoteGlobalIDString = 5D7D746314B27E55005A3B28;
			remoteInfo = iOBJCore;
		};
		5D353D5915CEB4C50065F115 /* PBXContainerItemProxy */ = {
			isa = PBXContainerItemProxy;
			containerPortal = 5D7D73F514B25F45005A3B28 /* Project object */;
			proxyType = 1;
			remoteGlobalIDString = 5D7D746314B27E55005A3B28;
			remoteInfo = iOBJCore;
		};
/* End PBXContainerItemProxy section */

/* Begin PBXFileReference section */
		5D06346A16C7BCDC00D7CAEA /* NSMutableArray+Additions.h */ = {isa = PBXFileReference; fileEncoding = 4; lastKnownFileType = sourcecode.c.h; path = "NSMutableArray+Additions.h"; sourceTree = "<group>"; };
		5D06346B16C7BCDC00D7CAEA /* NSMutableArray+Additions.m */ = {isa = PBXFileReference; fileEncoding = 4; lastKnownFileType = sourcecode.c.objc; path = "NSMutableArray+Additions.m"; sourceTree = "<group>"; };
		5D06346E16C7BEC700D7CAEA /* ProgressiveMesh.h */ = {isa = PBXFileReference; fileEncoding = 4; lastKnownFileType = sourcecode.c.h; path = ProgressiveMesh.h; sourceTree = "<group>"; };
		5D06346F16C7BEC700D7CAEA /* ProgressiveMesh.m */ = {isa = PBXFileReference; fileEncoding = 4; lastKnownFileType = sourcecode.c.objc; path = ProgressiveMesh.m; sourceTree = "<group>"; };
		5D06347216C7C52700D7CAEA /* Vertex.m */ = {isa = PBXFileReference; fileEncoding = 4; lastKnownFileType = sourcecode.c.objc; path = Vertex.m; sourceTree = "<group>"; };
		5D0DFDE115BF90930042AD07 /* GraphicObjectTests.h */ = {isa = PBXFileReference; fileEncoding = 4; lastKnownFileType = sourcecode.c.h; path = GraphicObjectTests.h; sourceTree = "<group>"; };
		5D0DFDE215BF90930042AD07 /* GraphicObjectTests.m */ = {isa = PBXFileReference; fileEncoding = 4; lastKnownFileType = sourcecode.c.objc; path = GraphicObjectTests.m; sourceTree = "<group>"; };
		5D159D6116BB41EC007F75B0 /* LODManager.h */ = {isa = PBXFileReference; fileEncoding = 4; lastKnownFileType = sourcecode.c.h; path = LODManager.h; sourceTree = "<group>"; };
		5D159D6216BB41EC007F75B0 /* LODManager.m */ = {isa = PBXFileReference; fileEncoding = 4; lastKnownFileType = sourcecode.c.objc; path = LODManager.m; sourceTree = "<group>"; };
		5D1BEA1C15FD5015002C73ED /* MeshMaterial.h */ = {isa = PBXFileReference; fileEncoding = 4; lastKnownFileType = sourcecode.c.h; path = MeshMaterial.h; sourceTree = "<group>"; };
		5D1BEA1D15FD5015002C73ED /* MeshMaterial.m */ = {isa = PBXFileReference; fileEncoding = 4; lastKnownFileType = sourcecode.c.objc; path = MeshMaterial.m; sourceTree = "<group>"; };
		5D1F246D14F5B2C300E551F0 /* Camera.h */ = {isa = PBXFileReference; fileEncoding = 4; lastKnownFileType = sourcecode.c.h; path = Camera.h; sourceTree = "<group>"; };
		5D1F246E14F5B2C300E551F0 /* Camera.m */ = {isa = PBXFileReference; fileEncoding = 4; lastKnownFileType = sourcecode.c.objc; path = Camera.m; sourceTree = "<group>"; };
		5D2F9AD414B3038B005C81A9 /* OBJParserTests.h */ = {isa = PBXFileReference; fileEncoding = 4; lastKnownFileType = sourcecode.c.h; path = OBJParserTests.h; sourceTree = "<group>"; };
		5D2F9AD514B3038B005C81A9 /* OBJParserTests.m */ = {isa = PBXFileReference; fileEncoding = 4; lastKnownFileType = sourcecode.c.objc; path = OBJParserTests.m; sourceTree = "<group>"; };
		5D2F9AD714B303CC005C81A9 /* OBJParser.h */ = {isa = PBXFileReference; fileEncoding = 4; lastKnownFileType = sourcecode.c.h; path = OBJParser.h; sourceTree = "<group>"; };
		5D2F9AD814B303CC005C81A9 /* OBJParser.m */ = {isa = PBXFileReference; fileEncoding = 4; lastKnownFileType = sourcecode.c.objc; path = OBJParser.m; sourceTree = "<group>"; };
		5D2F9ADB14B303EE005C81A9 /* Mesh.h */ = {isa = PBXFileReference; fileEncoding = 4; lastKnownFileType = sourcecode.c.h; path = Mesh.h; sourceTree = "<group>"; };
		5D2F9ADC14B303EE005C81A9 /* Mesh.m */ = {isa = PBXFileReference; fileEncoding = 4; lastKnownFileType = sourcecode.c.objc; path = Mesh.m; sourceTree = "<group>"; };
		5D3906411613B25200BF3765 /* FileListViewController.h */ = {isa = PBXFileReference; fileEncoding = 4; lastKnownFileType = sourcecode.c.h; path = FileListViewController.h; sourceTree = "<group>"; };
		5D3906421613B25200BF3765 /* FileListViewController.m */ = {isa = PBXFileReference; fileEncoding = 4; lastKnownFileType = sourcecode.c.objc; path = FileListViewController.m; sourceTree = "<group>"; };
		5D41DAF415EA7FC5001B5DF2 /* NSScanner+Additions.h */ = {isa = PBXFileReference; fileEncoding = 4; lastKnownFileType = sourcecode.c.h; path = "NSScanner+Additions.h"; sourceTree = "<group>"; };
		5D41DAF515EA7FC5001B5DF2 /* NSScanner+Additions.m */ = {isa = PBXFileReference; fileEncoding = 4; lastKnownFileType = sourcecode.c.objc; path = "NSScanner+Additions.m"; sourceTree = "<group>"; };
		5D6A9B5815E12BE900CFA58B /* Vertex.h */ = {isa = PBXFileReference; fileEncoding = 4; lastKnownFileType = sourcecode.c.h; path = Vertex.h; sourceTree = "<group>"; };
		5D6A9B5A15E12C5F00CFA58B /* Face3.h */ = {isa = PBXFileReference; fileEncoding = 4; lastKnownFileType = sourcecode.c.h; path = Face3.h; sourceTree = "<group>"; };
		5D6A9B5B15E12C5F00CFA58B /* Face3.m */ = {isa = PBXFileReference; fileEncoding = 4; lastKnownFileType = sourcecode.c.objc; path = Face3.m; sourceTree = "<group>"; };
		5D6FC7CA15CEEDD100343C56 /* classic-lamppost.obj */ = {isa = PBXFileReference; fileEncoding = 4; lastKnownFileType = text; name = "classic-lamppost.obj"; path = "iOBJ/Resources/classic-lamppost.obj"; sourceTree = "<group>"; };
		5D6FC80415CF246200343C56 /* classic-lamppost.mtl */ = {isa = PBXFileReference; fileEncoding = 4; lastKnownFileType = text; name = "classic-lamppost.mtl"; path = "iOBJ/Resources/classic-lamppost.mtl"; sourceTree = "<group>"; };
		5D6FC80715CF308500343C56 /* Material.h */ = {isa = PBXFileReference; fileEncoding = 4; lastKnownFileType = sourcecode.c.h; path = Material.h; sourceTree = "<group>"; };
		5D6FC80815CF308600343C56 /* Material.m */ = {isa = PBXFileReference; fileEncoding = 4; lastKnownFileType = sourcecode.c.objc; path = Material.m; sourceTree = "<group>"; };
		5D6FC80B15CF354A00343C56 /* AntLion.mtl */ = {isa = PBXFileReference; fileEncoding = 4; lastKnownFileType = text; name = AntLion.mtl; path = iOBJ/Resources/AntLion.mtl; sourceTree = "<group>"; };
		5D6FC80C15CF354A00343C56 /* AntLion.obj */ = {isa = PBXFileReference; fileEncoding = 4; lastKnownFileType = text; name = AntLion.obj; path = iOBJ/Resources/AntLion.obj; sourceTree = "<group>"; };
		5D6FC80D15CF354B00343C56 /* buggy.mtl */ = {isa = PBXFileReference; fileEncoding = 4; lastKnownFileType = text; name = buggy.mtl; path = iOBJ/Resources/buggy.mtl; sourceTree = "<group>"; };
		5D6FC80E15CF354B00343C56 /* buggy.obj */ = {isa = PBXFileReference; fileEncoding = 4; lastKnownFileType = text; name = buggy.obj; path = iOBJ/Resources/buggy.obj; sourceTree = "<group>"; };
		5D6FC80F15CF354B00343C56 /* Combine_dropship.mtl */ = {isa = PBXFileReference; fileEncoding = 4; lastKnownFileType = text; name = Combine_dropship.mtl; path = iOBJ/Resources/Combine_dropship.mtl; sourceTree = "<group>"; };
		5D6FC81015CF354B00343C56 /* Combine_dropship.obj */ = {isa = PBXFileReference; fileEncoding = 4; lastKnownFileType = text; name = Combine_dropship.obj; path = iOBJ/Resources/Combine_dropship.obj; sourceTree = "<group>"; };
		5D6FC81115CF354B00343C56 /* dog.mtl */ = {isa = PBXFileReference; fileEncoding = 4; lastKnownFileType = text; name = dog.mtl; path = iOBJ/Resources/dog.mtl; sourceTree = "<group>"; };
		5D6FC81215CF354B00343C56 /* dog.obj */ = {isa = PBXFileReference; fileEncoding = 4; lastKnownFileType = text; name = dog.obj; path = iOBJ/Resources/dog.obj; sourceTree = "<group>"; };
		5D6FC81A15CF354C00343C56 /* Rollermine.mtl */ = {isa = PBXFileReference; fileEncoding = 4; lastKnownFileType = text; name = Rollermine.mtl; path = iOBJ/Resources/Rollermine.mtl; sourceTree = "<group>"; };
		5D6FC81B15CF354C00343C56 /* Rollermine.obj */ = {isa = PBXFileReference; fileEncoding = 4; lastKnownFileType = text; name = Rollermine.obj; path = iOBJ/Resources/Rollermine.obj; sourceTree = "<group>"; };
		5D6FC81F15CF354D00343C56 /* ammo_box.tga */ = {isa = PBXFileReference; lastKnownFileType = file; path = ammo_box.tga; sourceTree = "<group>"; };
		5D6FC82015CF354D00343C56 /* antlionhigh_normal.tga */ = {isa = PBXFileReference; lastKnownFileType = file; path = antlionhigh_normal.tga; sourceTree = "<group>"; };
		5D6FC82115CF354D00343C56 /* antlionhigh_sheet.tga */ = {isa = PBXFileReference; lastKnownFileType = file; path = antlionhigh_sheet.tga; sourceTree = "<group>"; };
		5D6FC82515CF354D00343C56 /* buggy001.tga */ = {isa = PBXFileReference; lastKnownFileType = file; path = buggy001.tga; sourceTree = "<group>"; };
		5D6FC82615CF354D00343C56 /* combine_dropship01.tga */ = {isa = PBXFileReference; lastKnownFileType = file; path = combine_dropship01.tga; sourceTree = "<group>"; };
		5D6FC82715CF354D00343C56 /* combine_dropship01_normal.tga */ = {isa = PBXFileReference; lastKnownFileType = file; path = combine_dropship01_normal.tga; sourceTree = "<group>"; };
		5D6FC82815CF354D00343C56 /* combine_fenceglow.tga */ = {isa = PBXFileReference; lastKnownFileType = file; path = combine_fenceglow.tga; sourceTree = "<group>"; };
		5D6FC82915CF354D00343C56 /* combine_fenceglowb.tga */ = {isa = PBXFileReference; lastKnownFileType = file; path = combine_fenceglowb.tga; sourceTree = "<group>"; };
		5D6FC82A15CF354D00343C56 /* dog_sheet.tga */ = {isa = PBXFileReference; lastKnownFileType = file; path = dog_sheet.tga; sourceTree = "<group>"; };
		5D6FC82B15CF354D00343C56 /* dropshipsheet.tga */ = {isa = PBXFileReference; lastKnownFileType = file; path = dropshipsheet.tga; sourceTree = "<group>"; };
		5D6FC82C15CF354D00343C56 /* dropshipsheet_normal.tga */ = {isa = PBXFileReference; lastKnownFileType = file; path = dropshipsheet_normal.tga; sourceTree = "<group>"; };
		5D6FC82F15CF354D00343C56 /* eyeglass.tga */ = {isa = PBXFileReference; lastKnownFileType = file; path = eyeglass.tga; sourceTree = "<group>"; };
		5D6FC83D15CF354D00343C56 /* rollermine_normal.tga */ = {isa = PBXFileReference; lastKnownFileType = file; path = rollermine_normal.tga; sourceTree = "<group>"; };
		5D6FC83E15CF354D00343C56 /* rollermine_sheet.tga */ = {isa = PBXFileReference; lastKnownFileType = file; path = rollermine_sheet.tga; sourceTree = "<group>"; };
		5D6FC87215CF357600343C56 /* LICENSE.txt */ = {isa = PBXFileReference; fileEncoding = 4; lastKnownFileType = text; path = LICENSE.txt; sourceTree = "<group>"; };
		5D78EFEC1657F70B00C235F5 /* UIView+Additions.h */ = {isa = PBXFileReference; fileEncoding = 4; lastKnownFileType = sourcecode.c.h; path = "UIView+Additions.h"; sourceTree = "<group>"; };
		5D78EFED1657F70B00C235F5 /* UIView+Additions.m */ = {isa = PBXFileReference; fileEncoding = 4; lastKnownFileType = sourcecode.c.objc; path = "UIView+Additions.m"; sourceTree = "<group>"; };
		5D7D73FE14B25F45005A3B28 /* iOBJ.app */ = {isa = PBXFileReference; explicitFileType = wrapper.application; includeInIndex = 0; path = iOBJ.app; sourceTree = BUILT_PRODUCTS_DIR; };
		5D7D740214B25F45005A3B28 /* UIKit.framework */ = {isa = PBXFileReference; lastKnownFileType = wrapper.framework; name = UIKit.framework; path = System/Library/Frameworks/UIKit.framework; sourceTree = SDKROOT; };
		5D7D740414B25F45005A3B28 /* Foundation.framework */ = {isa = PBXFileReference; lastKnownFileType = wrapper.framework; name = Foundation.framework; path = System/Library/Frameworks/Foundation.framework; sourceTree = SDKROOT; };
		5D7D740814B25F45005A3B28 /* GLKit.framework */ = {isa = PBXFileReference; lastKnownFileType = wrapper.framework; name = GLKit.framework; path = System/Library/Frameworks/GLKit.framework; sourceTree = SDKROOT; };
		5D7D740A14B25F45005A3B28 /* OpenGLES.framework */ = {isa = PBXFileReference; lastKnownFileType = wrapper.framework; name = OpenGLES.framework; path = System/Library/Frameworks/OpenGLES.framework; sourceTree = SDKROOT; };
		5D7D740E14B25F45005A3B28 /* iOBJ-Info.plist */ = {isa = PBXFileReference; lastKnownFileType = text.plist.xml; path = "iOBJ-Info.plist"; sourceTree = "<group>"; };
		5D7D741014B25F45005A3B28 /* en */ = {isa = PBXFileReference; lastKnownFileType = text.plist.strings; name = en; path = en.lproj/InfoPlist.strings; sourceTree = "<group>"; };
		5D7D741214B25F45005A3B28 /* main.m */ = {isa = PBXFileReference; lastKnownFileType = sourcecode.c.objc; path = main.m; sourceTree = "<group>"; };
		5D7D741414B25F45005A3B28 /* iOBJ-Prefix.pch */ = {isa = PBXFileReference; lastKnownFileType = sourcecode.c.h; path = "iOBJ-Prefix.pch"; sourceTree = "<group>"; };
		5D7D741514B25F45005A3B28 /* AppDelegate.h */ = {isa = PBXFileReference; lastKnownFileType = sourcecode.c.h; path = AppDelegate.h; sourceTree = "<group>"; };
		5D7D741614B25F45005A3B28 /* AppDelegate.m */ = {isa = PBXFileReference; lastKnownFileType = sourcecode.c.objc; path = AppDelegate.m; sourceTree = "<group>"; };
		5D7D741914B25F46005A3B28 /* en */ = {isa = PBXFileReference; lastKnownFileType = file.storyboard; name = en; path = en.lproj/MainStoryboard_iPhone.storyboard; sourceTree = "<group>"; };
		5D7D741C14B25F46005A3B28 /* en */ = {isa = PBXFileReference; lastKnownFileType = file.storyboard; name = en; path = en.lproj/MainStoryboard_iPad.storyboard; sourceTree = "<group>"; };
		5D7D742214B25F46005A3B28 /* ViewController.h */ = {isa = PBXFileReference; lastKnownFileType = sourcecode.c.h; path = ViewController.h; sourceTree = "<group>"; };
		5D7D742314B25F46005A3B28 /* ViewController.m */ = {isa = PBXFileReference; lastKnownFileType = sourcecode.c.objc; path = ViewController.m; sourceTree = "<group>"; };
		5D7D746414B27E55005A3B28 /* libiOBJCore.a */ = {isa = PBXFileReference; explicitFileType = archive.ar; includeInIndex = 0; path = libiOBJCore.a; sourceTree = BUILT_PRODUCTS_DIR; };
		5D7D747414B27E81005A3B28 /* iOBJTests.octest */ = {isa = PBXFileReference; explicitFileType = wrapper.cfbundle; includeInIndex = 0; path = iOBJTests.octest; sourceTree = BUILT_PRODUCTS_DIR; };
		5D7D747514B27E81005A3B28 /* SenTestingKit.framework */ = {isa = PBXFileReference; lastKnownFileType = wrapper.framework; name = SenTestingKit.framework; path = Library/Frameworks/SenTestingKit.framework; sourceTree = DEVELOPER_DIR; };
		5D7D747B14B27E81005A3B28 /* iOBJTests-Info.plist */ = {isa = PBXFileReference; lastKnownFileType = text.plist.xml; path = "iOBJTests-Info.plist"; sourceTree = "<group>"; };
		5D7D747D14B27E81005A3B28 /* en */ = {isa = PBXFileReference; lastKnownFileType = text.plist.strings; name = en; path = en.lproj/InfoPlist.strings; sourceTree = "<group>"; };
		5D7D748214B27E81005A3B28 /* iOBJTests-Prefix.pch */ = {isa = PBXFileReference; lastKnownFileType = sourcecode.c.h; path = "iOBJTests-Prefix.pch"; sourceTree = "<group>"; };
		5D7D74A514B280E6005A3B28 /* iOBJCore-Prefix.pch */ = {isa = PBXFileReference; fileEncoding = 4; lastKnownFileType = sourcecode.c.h; path = "iOBJCore-Prefix.pch"; sourceTree = "<group>"; };
		5D80B07C15D0B86500DA96E3 /* MaterialParser.h */ = {isa = PBXFileReference; fileEncoding = 4; lastKnownFileType = sourcecode.c.h; path = MaterialParser.h; sourceTree = "<group>"; };
		5D80B07D15D0B86500DA96E3 /* MaterialParser.m */ = {isa = PBXFileReference; fileEncoding = 4; lastKnownFileType = sourcecode.c.objc; path = MaterialParser.m; sourceTree = "<group>"; };
		5D80B08115D0BCD200DA96E3 /* DataParser.h */ = {isa = PBXFileReference; fileEncoding = 4; lastKnownFileType = sourcecode.c.h; path = DataParser.h; sourceTree = "<group>"; };
		5D80B08215D0BCD200DA96E3 /* DataParser.m */ = {isa = PBXFileReference; fileEncoding = 4; lastKnownFileType = sourcecode.c.objc; path = DataParser.m; sourceTree = "<group>"; };
		5D8F144B16AC9CC7000942AD /* Shaders.h */ = {isa = PBXFileReference; fileEncoding = 4; lastKnownFileType = sourcecode.c.h; path = Shaders.h; sourceTree = "<group>"; };
		5DAF419C16474862003B1A19 /* NSObject+PerformBlock.h */ = {isa = PBXFileReference; fileEncoding = 4; lastKnownFileType = sourcecode.c.h; path = "NSObject+PerformBlock.h"; sourceTree = "<group>"; };
		5DAF419D16474862003B1A19 /* NSObject+PerformBlock.m */ = {isa = PBXFileReference; fileEncoding = 4; lastKnownFileType = sourcecode.c.objc; path = "NSObject+PerformBlock.m"; sourceTree = "<group>"; };
		5DAF41A016475651003B1A19 /* UIBarButtonItem+DisplayMode.h */ = {isa = PBXFileReference; fileEncoding = 4; lastKnownFileType = sourcecode.c.h; path = "UIBarButtonItem+DisplayMode.h"; sourceTree = "<group>"; };
		5DAF41A116475651003B1A19 /* UIBarButtonItem+DisplayMode.m */ = {isa = PBXFileReference; fileEncoding = 4; lastKnownFileType = sourcecode.c.objc; path = "UIBarButtonItem+DisplayMode.m"; sourceTree = "<group>"; };
		5DAF41A3164762E7003B1A19 /* Default-568h@2x.png */ = {isa = PBXFileReference; lastKnownFileType = image.png; path = "Default-568h@2x.png"; sourceTree = "<group>"; };
		5DAF41A4164762E7003B1A19 /* Default.png */ = {isa = PBXFileReference; lastKnownFileType = image.png; path = Default.png; sourceTree = "<group>"; };
		5DAF41A5164762E7003B1A19 /* Default@2x.png */ = {isa = PBXFileReference; lastKnownFileType = image.png; path = "Default@2x.png"; sourceTree = "<group>"; };
		5DC4A5F315E1931200508A3C /* Barrel Explosive.mtl */ = {isa = PBXFileReference; fileEncoding = 4; lastKnownFileType = text; name = "Barrel Explosive.mtl"; path = "iOBJ/Resources/Barrel Explosive.mtl"; sourceTree = "<group>"; };
		5DC4A5F415E1931200508A3C /* Barrel Explosive.obj */ = {isa = PBXFileReference; fileEncoding = 4; lastKnownFileType = text; name = "Barrel Explosive.obj"; path = "iOBJ/Resources/Barrel Explosive.obj"; sourceTree = "<group>"; };
		5DC4A5F715E1932300508A3C /* Barrel_Ex_diff.tga */ = {isa = PBXFileReference; lastKnownFileType = file; path = Barrel_Ex_diff.tga; sourceTree = "<group>"; };
		5DC4A5F815E1932300508A3C /* Barrel_Ex_norm.tga */ = {isa = PBXFileReference; lastKnownFileType = file; path = Barrel_Ex_norm.tga; sourceTree = "<group>"; };
		5DF2E9C514E5B7FD00F81DEB /* Transform.h */ = {isa = PBXFileReference; fileEncoding = 4; lastKnownFileType = sourcecode.c.h; path = Transform.h; sourceTree = "<group>"; };
		5DF2E9C614E5B7FD00F81DEB /* Transform.m */ = {isa = PBXFileReference; fileEncoding = 4; lastKnownFileType = sourcecode.c.objc; path = Transform.m; sourceTree = "<group>"; };
		B93CA49814BA02710098FCCA /* GraphicObject.h */ = {isa = PBXFileReference; fileEncoding = 4; lastKnownFileType = sourcecode.c.h; path = GraphicObject.h; sourceTree = "<group>"; };
		B93CA49914BA02710098FCCA /* GraphicObject.m */ = {isa = PBXFileReference; fileEncoding = 4; lastKnownFileType = sourcecode.c.objc; path = GraphicObject.m; sourceTree = "<group>"; };
/* End PBXFileReference section */

/* Begin PBXFrameworksBuildPhase section */
		5D7D73FB14B25F45005A3B28 /* Frameworks */ = {
			isa = PBXFrameworksBuildPhase;
			buildActionMask = 2147483647;
			files = (
				5D7D748B14B27EAC005A3B28 /* libiOBJCore.a in Frameworks */,
				5D7D740314B25F45005A3B28 /* UIKit.framework in Frameworks */,
				5D7D740514B25F45005A3B28 /* Foundation.framework in Frameworks */,
				5D7D740914B25F45005A3B28 /* GLKit.framework in Frameworks */,
				5D7D740B14B25F45005A3B28 /* OpenGLES.framework in Frameworks */,
			);
			runOnlyForDeploymentPostprocessing = 0;
		};
		5D7D746114B27E55005A3B28 /* Frameworks */ = {
			isa = PBXFrameworksBuildPhase;
			buildActionMask = 2147483647;
			files = (
				5D0DFDEE15BF9BB50042AD07 /* OpenGLES.framework in Frameworks */,
				5D0DFDED15BF9BAF0042AD07 /* GLKit.framework in Frameworks */,
				5D7D746514B27E55005A3B28 /* Foundation.framework in Frameworks */,
			);
			runOnlyForDeploymentPostprocessing = 0;
		};
		5D7D747014B27E81005A3B28 /* Frameworks */ = {
			isa = PBXFrameworksBuildPhase;
			buildActionMask = 2147483647;
			files = (
				5D6BB1B815D473D200D2A4DF /* UIKit.framework in Frameworks */,
				5DE9B6E615CD5F6B00FAF44C /* libiOBJCore.a in Frameworks */,
				5D0DFDF815BF9DF40042AD07 /* OpenGLES.framework in Frameworks */,
				5D0DFDF715BF9DEE0042AD07 /* GLKit.framework in Frameworks */,
				5D7D747614B27E81005A3B28 /* SenTestingKit.framework in Frameworks */,
				5D7D747814B27E81005A3B28 /* Foundation.framework in Frameworks */,
			);
			runOnlyForDeploymentPostprocessing = 0;
		};
/* End PBXFrameworksBuildPhase section */

/* Begin PBXGroup section */
		5D6FC81C15CF354D00343C56 /* Texture */ = {
			isa = PBXGroup;
			children = (
				5D6FC81F15CF354D00343C56 /* ammo_box.tga */,
				5D6FC82015CF354D00343C56 /* antlionhigh_normal.tga */,
				5D6FC82115CF354D00343C56 /* antlionhigh_sheet.tga */,
				5DC4A5F715E1932300508A3C /* Barrel_Ex_diff.tga */,
				5DC4A5F815E1932300508A3C /* Barrel_Ex_norm.tga */,
				5D6FC82515CF354D00343C56 /* buggy001.tga */,
				5D6FC82615CF354D00343C56 /* combine_dropship01.tga */,
				5D6FC82715CF354D00343C56 /* combine_dropship01_normal.tga */,
				5D6FC82815CF354D00343C56 /* combine_fenceglow.tga */,
				5D6FC82915CF354D00343C56 /* combine_fenceglowb.tga */,
				5D6FC82A15CF354D00343C56 /* dog_sheet.tga */,
				5D6FC82B15CF354D00343C56 /* dropshipsheet.tga */,
				5D6FC82C15CF354D00343C56 /* dropshipsheet_normal.tga */,
				5D6FC82F15CF354D00343C56 /* eyeglass.tga */,
				5D6FC83D15CF354D00343C56 /* rollermine_normal.tga */,
				5D6FC83E15CF354D00343C56 /* rollermine_sheet.tga */,
			);
			name = Texture;
			path = iOBJ/Resources/Texture;
			sourceTree = "<group>";
		};
		5D7D73F314B25F45005A3B28 = {
			isa = PBXGroup;
			children = (
				5D7D740C14B25F45005A3B28 /* iOBJ */,
				5D7D746614B27E55005A3B28 /* iOBJCore */,
				5D7D747914B27E81005A3B28 /* iOBJTests */,
				5D7D740114B25F45005A3B28 /* Frameworks */,
				5D7D73FF14B25F45005A3B28 /* Products */,
			);
			sourceTree = "<group>";
		};
		5D7D73FF14B25F45005A3B28 /* Products */ = {
			isa = PBXGroup;
			children = (
				5D7D73FE14B25F45005A3B28 /* iOBJ.app */,
				5D7D746414B27E55005A3B28 /* libiOBJCore.a */,
				5D7D747414B27E81005A3B28 /* iOBJTests.octest */,
			);
			name = Products;
			sourceTree = "<group>";
		};
		5D7D740114B25F45005A3B28 /* Frameworks */ = {
			isa = PBXGroup;
			children = (
				5D7D740414B25F45005A3B28 /* Foundation.framework */,
				5D7D740814B25F45005A3B28 /* GLKit.framework */,
				5D7D740A14B25F45005A3B28 /* OpenGLES.framework */,
				5D7D747514B27E81005A3B28 /* SenTestingKit.framework */,
				5D7D740214B25F45005A3B28 /* UIKit.framework */,
			);
			name = Frameworks;
			sourceTree = "<group>";
		};
		5D7D740C14B25F45005A3B28 /* iOBJ */ = {
			isa = PBXGroup;
			children = (
				5D7D741514B25F45005A3B28 /* AppDelegate.h */,
				5D7D741614B25F45005A3B28 /* AppDelegate.m */,
				5D3906411613B25200BF3765 /* FileListViewController.h */,
				5D3906421613B25200BF3765 /* FileListViewController.m */,
				5D6FC87215CF357600343C56 /* LICENSE.txt */,
				5D159D6116BB41EC007F75B0 /* LODManager.h */,
				5D159D6216BB41EC007F75B0 /* LODManager.m */,
				5D7D741B14B25F46005A3B28 /* MainStoryboard_iPad.storyboard */,
				5D7D741814B25F46005A3B28 /* MainStoryboard_iPhone.storyboard */,
				5DAF419C16474862003B1A19 /* NSObject+PerformBlock.h */,
				5DAF419D16474862003B1A19 /* NSObject+PerformBlock.m */,
				5D7D74AB14B288B5005A3B28 /* Resources */,
				5D7D740D14B25F45005A3B28 /* Supporting Files */,
				5DAF41A016475651003B1A19 /* UIBarButtonItem+DisplayMode.h */,
				5DAF41A116475651003B1A19 /* UIBarButtonItem+DisplayMode.m */,
				5D78EFEC1657F70B00C235F5 /* UIView+Additions.h */,
				5D78EFED1657F70B00C235F5 /* UIView+Additions.m */,
				5D7D742214B25F46005A3B28 /* ViewController.h */,
				5D7D742314B25F46005A3B28 /* ViewController.m */,
			);
			path = iOBJ;
			sourceTree = "<group>";
		};
		5D7D740D14B25F45005A3B28 /* Supporting Files */ = {
			isa = PBXGroup;
			children = (
				5DAF41A3164762E7003B1A19 /* Default-568h@2x.png */,
				5DAF41A4164762E7003B1A19 /* Default.png */,
				5DAF41A5164762E7003B1A19 /* Default@2x.png */,
				5D7D740F14B25F45005A3B28 /* InfoPlist.strings */,
				5D7D740E14B25F45005A3B28 /* iOBJ-Info.plist */,
				5D7D741414B25F45005A3B28 /* iOBJ-Prefix.pch */,
				5D7D741214B25F45005A3B28 /* main.m */,
			);
			name = "Supporting Files";
			sourceTree = "<group>";
		};
		5D7D746614B27E55005A3B28 /* iOBJCore */ = {
			isa = PBXGroup;
			children = (
				5D1F246D14F5B2C300E551F0 /* Camera.h */,
				5D1F246E14F5B2C300E551F0 /* Camera.m */,
				5D80B08115D0BCD200DA96E3 /* DataParser.h */,
				5D80B08215D0BCD200DA96E3 /* DataParser.m */,
				5D6A9B5A15E12C5F00CFA58B /* Face3.h */,
				5D6A9B5B15E12C5F00CFA58B /* Face3.m */,
				B93CA49814BA02710098FCCA /* GraphicObject.h */,
				B93CA49914BA02710098FCCA /* GraphicObject.m */,
				5D6FC80715CF308500343C56 /* Material.h */,
				5D6FC80815CF308600343C56 /* Material.m */,
				5D80B07C15D0B86500DA96E3 /* MaterialParser.h */,
				5D80B07D15D0B86500DA96E3 /* MaterialParser.m */,
				5D2F9ADB14B303EE005C81A9 /* Mesh.h */,
				5D2F9ADC14B303EE005C81A9 /* Mesh.m */,
				5D1BEA1C15FD5015002C73ED /* MeshMaterial.h */,
				5D1BEA1D15FD5015002C73ED /* MeshMaterial.m */,
				5D06346A16C7BCDC00D7CAEA /* NSMutableArray+Additions.h */,
				5D06346B16C7BCDC00D7CAEA /* NSMutableArray+Additions.m */,
				5D41DAF415EA7FC5001B5DF2 /* NSScanner+Additions.h */,
				5D41DAF515EA7FC5001B5DF2 /* NSScanner+Additions.m */,
				5D2F9AD714B303CC005C81A9 /* OBJParser.h */,
				5D2F9AD814B303CC005C81A9 /* OBJParser.m */,
				5D06346E16C7BEC700D7CAEA /* ProgressiveMesh.h */,
				5D06346F16C7BEC700D7CAEA /* ProgressiveMesh.m */,
				5D8F144B16AC9CC7000942AD /* Shaders.h */,
				5D7D74A714B280FF005A3B28 /* Supporting Files */,
				5DF2E9C514E5B7FD00F81DEB /* Transform.h */,
				5DF2E9C614E5B7FD00F81DEB /* Transform.m */,
				5D6A9B5815E12BE900CFA58B /* Vertex.h */,
				5D06347216C7C52700D7CAEA /* Vertex.m */,
			);
			path = iOBJCore;
			sourceTree = "<group>";
		};
		5D7D747914B27E81005A3B28 /* iOBJTests */ = {
			isa = PBXGroup;
			children = (
				5D0DFDE115BF90930042AD07 /* GraphicObjectTests.h */,
				5D0DFDE215BF90930042AD07 /* GraphicObjectTests.m */,
				5D2F9AD414B3038B005C81A9 /* OBJParserTests.h */,
				5D2F9AD514B3038B005C81A9 /* OBJParserTests.m */,
				5D7D747A14B27E81005A3B28 /* Supporting Files */,
			);
			path = iOBJTests;
			sourceTree = "<group>";
		};
		5D7D747A14B27E81005A3B28 /* Supporting Files */ = {
			isa = PBXGroup;
			children = (
				5D7D747C14B27E81005A3B28 /* InfoPlist.strings */,
				5D7D747B14B27E81005A3B28 /* iOBJTests-Info.plist */,
				5D7D748214B27E81005A3B28 /* iOBJTests-Prefix.pch */,
			);
			name = "Supporting Files";
			sourceTree = "<group>";
		};
		5D7D74A714B280FF005A3B28 /* Supporting Files */ = {
			isa = PBXGroup;
			children = (
				5D7D74A514B280E6005A3B28 /* iOBJCore-Prefix.pch */,
			);
			name = "Supporting Files";
			sourceTree = "<group>";
		};
		5D7D74AB14B288B5005A3B28 /* Resources */ = {
			isa = PBXGroup;
			children = (
				5D6FC80B15CF354A00343C56 /* AntLion.mtl */,
				5D6FC80C15CF354A00343C56 /* AntLion.obj */,
				5DC4A5F315E1931200508A3C /* Barrel Explosive.mtl */,
				5DC4A5F415E1931200508A3C /* Barrel Explosive.obj */,
				5D6FC80D15CF354B00343C56 /* buggy.mtl */,
				5D6FC80E15CF354B00343C56 /* buggy.obj */,
				5D6FC80415CF246200343C56 /* classic-lamppost.mtl */,
				5D6FC7CA15CEEDD100343C56 /* classic-lamppost.obj */,
				5D6FC80F15CF354B00343C56 /* Combine_dropship.mtl */,
				5D6FC81015CF354B00343C56 /* Combine_dropship.obj */,
				5D6FC81115CF354B00343C56 /* dog.mtl */,
				5D6FC81215CF354B00343C56 /* dog.obj */,
				5D6FC81A15CF354C00343C56 /* Rollermine.mtl */,
				5D6FC81B15CF354C00343C56 /* Rollermine.obj */,
				5D6FC81C15CF354D00343C56 /* Texture */,
			);
			name = Resources;
			path = ..;
			sourceTree = "<group>";
		};
/* End PBXGroup section */

/* Begin PBXHeadersBuildPhase section */
		5D7D746214B27E55005A3B28 /* Headers */ = {
			isa = PBXHeadersBuildPhase;
			buildActionMask = 2147483647;
			files = (
				5D2F9AD914B303CC005C81A9 /* OBJParser.h in Headers */,
				5D2F9ADD14B303EE005C81A9 /* Mesh.h in Headers */,
				5D7D74A614B280E6005A3B28 /* iOBJCore-Prefix.pch in Headers */,
				5DF2E9C714E5B7FD00F81DEB /* Transform.h in Headers */,
				5D1F246F14F5B2C300E551F0 /* Camera.h in Headers */,
				B93CA49C14BA02710098FCCA /* GraphicObject.h in Headers */,
				5D6FC80915CF308600343C56 /* Material.h in Headers */,
				5D80B07E15D0B86500DA96E3 /* MaterialParser.h in Headers */,
				5D80B08315D0BCD200DA96E3 /* DataParser.h in Headers */,
				5D6A9B5915E12BE900CFA58B /* Vertex.h in Headers */,
				5D6A9B5C15E12C6000CFA58B /* Face3.h in Headers */,
				5D41DAF615EA7FC5001B5DF2 /* NSScanner+Additions.h in Headers */,
				5D1BEA1E15FD5015002C73ED /* MeshMaterial.h in Headers */,
				5D8F144D16AC9CC7000942AD /* Shaders.h in Headers */,
				5D06346C16C7BCDC00D7CAEA /* NSMutableArray+Additions.h in Headers */,
				5D06347016C7BEC700D7CAEA /* ProgressiveMesh.h in Headers */,
			);
			runOnlyForDeploymentPostprocessing = 0;
		};
/* End PBXHeadersBuildPhase section */

/* Begin PBXNativeTarget section */
		5D7D73FD14B25F45005A3B28 /* iOBJ */ = {
			isa = PBXNativeTarget;
			buildConfigurationList = 5D7D742714B25F46005A3B28 /* Build configuration list for PBXNativeTarget "iOBJ" */;
			buildPhases = (
				5D7D73FA14B25F45005A3B28 /* Sources */,
				5D7D73FB14B25F45005A3B28 /* Frameworks */,
				5D7D73FC14B25F45005A3B28 /* Resources */,
			);
			buildRules = (
			);
			dependencies = (
				5D353D5715CEB4BE0065F115 /* PBXTargetDependency */,
			);
			name = iOBJ;
			productName = iOBJ;
			productReference = 5D7D73FE14B25F45005A3B28 /* iOBJ.app */;
			productType = "com.apple.product-type.application";
		};
		5D7D746314B27E55005A3B28 /* iOBJCore */ = {
			isa = PBXNativeTarget;
			buildConfigurationList = 5D7D746C14B27E56005A3B28 /* Build configuration list for PBXNativeTarget "iOBJCore" */;
			buildPhases = (
				5D7D746014B27E55005A3B28 /* Sources */,
				5D7D746114B27E55005A3B28 /* Frameworks */,
				5D7D746214B27E55005A3B28 /* Headers */,
			);
			buildRules = (
			);
			dependencies = (
			);
			name = iOBJCore;
			productName = iOBJCore;
			productReference = 5D7D746414B27E55005A3B28 /* libiOBJCore.a */;
			productType = "com.apple.product-type.library.static";
		};
		5D7D747314B27E81005A3B28 /* iOBJTests */ = {
			isa = PBXNativeTarget;
			buildConfigurationList = 5D7D748314B27E81005A3B28 /* Build configuration list for PBXNativeTarget "iOBJTests" */;
			buildPhases = (
				5D7D746F14B27E81005A3B28 /* Sources */,
				5D7D747014B27E81005A3B28 /* Frameworks */,
				5D7D747114B27E81005A3B28 /* Resources */,
				5D7D747214B27E81005A3B28 /* ShellScript */,
			);
			buildRules = (
			);
			dependencies = (
				5D353D5A15CEB4C50065F115 /* PBXTargetDependency */,
			);
			name = iOBJTests;
			productName = iOBJTests;
			productReference = 5D7D747414B27E81005A3B28 /* iOBJTests.octest */;
			productType = "com.apple.product-type.bundle";
		};
/* End PBXNativeTarget section */

/* Begin PBXProject section */
		5D7D73F514B25F45005A3B28 /* Project object */ = {
			isa = PBXProject;
			attributes = {
				LastUpgradeCheck = 0460;
			};
			buildConfigurationList = 5D7D73F814B25F45005A3B28 /* Build configuration list for PBXProject "iOBJ" */;
			compatibilityVersion = "Xcode 3.2";
			developmentRegion = English;
			hasScannedForEncodings = 0;
			knownRegions = (
				en,
			);
			mainGroup = 5D7D73F314B25F45005A3B28;
			productRefGroup = 5D7D73FF14B25F45005A3B28 /* Products */;
			projectDirPath = "";
			projectRoot = "";
			targets = (
				5D7D73FD14B25F45005A3B28 /* iOBJ */,
				5D7D746314B27E55005A3B28 /* iOBJCore */,
				5D7D747314B27E81005A3B28 /* iOBJTests */,
			);
		};
/* End PBXProject section */

/* Begin PBXResourcesBuildPhase section */
		5D7D73FC14B25F45005A3B28 /* Resources */ = {
			isa = PBXResourcesBuildPhase;
			buildActionMask = 2147483647;
			files = (
				5D7D741114B25F45005A3B28 /* InfoPlist.strings in Resources */,
				5D7D741A14B25F46005A3B28 /* MainStoryboard_iPhone.storyboard in Resources */,
				5D7D741D14B25F46005A3B28 /* MainStoryboard_iPad.storyboard in Resources */,
				5D6FC7CB15CEEDD100343C56 /* classic-lamppost.obj in Resources */,
				5D6FC80515CF246200343C56 /* classic-lamppost.mtl in Resources */,
				5D6FC83F15CF354D00343C56 /* AntLion.mtl in Resources */,
				5D6FC84015CF354D00343C56 /* AntLion.obj in Resources */,
				5D6FC84115CF354D00343C56 /* buggy.mtl in Resources */,
				5D6FC84215CF354D00343C56 /* buggy.obj in Resources */,
				5D6FC84315CF354D00343C56 /* Combine_dropship.mtl in Resources */,
				5D6FC84415CF354D00343C56 /* Combine_dropship.obj in Resources */,
				5D6FC84515CF354D00343C56 /* dog.mtl in Resources */,
				5D6FC84615CF354D00343C56 /* dog.obj in Resources */,
				5D6FC84E15CF354D00343C56 /* Rollermine.mtl in Resources */,
				5D6FC84F15CF354D00343C56 /* Rollermine.obj in Resources */,
				5D6FC85215CF354D00343C56 /* ammo_box.tga in Resources */,
				5D6FC85315CF354D00343C56 /* antlionhigh_normal.tga in Resources */,
				5D6FC85415CF354D00343C56 /* antlionhigh_sheet.tga in Resources */,
				5D6FC85815CF354D00343C56 /* buggy001.tga in Resources */,
				5D6FC85915CF354D00343C56 /* combine_dropship01.tga in Resources */,
				5D6FC85A15CF354D00343C56 /* combine_dropship01_normal.tga in Resources */,
				5D6FC85B15CF354D00343C56 /* combine_fenceglow.tga in Resources */,
				5D6FC85C15CF354D00343C56 /* combine_fenceglowb.tga in Resources */,
				5D6FC85D15CF354D00343C56 /* dog_sheet.tga in Resources */,
				5D6FC85E15CF354D00343C56 /* dropshipsheet.tga in Resources */,
				5D6FC85F15CF354D00343C56 /* dropshipsheet_normal.tga in Resources */,
				5D6FC86215CF354D00343C56 /* eyeglass.tga in Resources */,
				5D6FC87015CF354D00343C56 /* rollermine_normal.tga in Resources */,
				5D6FC87115CF354D00343C56 /* rollermine_sheet.tga in Resources */,
				5D6FC87315CF357600343C56 /* LICENSE.txt in Resources */,
				5DC4A5F515E1931200508A3C /* Barrel Explosive.mtl in Resources */,
				5DC4A5F615E1931200508A3C /* Barrel Explosive.obj in Resources */,
				5DC4A5F915E1932300508A3C /* Barrel_Ex_diff.tga in Resources */,
				5DC4A5FA15E1932300508A3C /* Barrel_Ex_norm.tga in Resources */,
				5DAF41A6164762E7003B1A19 /* Default-568h@2x.png in Resources */,
				5DAF41A7164762E7003B1A19 /* Default.png in Resources */,
				5DAF41A8164762E7003B1A19 /* Default@2x.png in Resources */,
			);
			runOnlyForDeploymentPostprocessing = 0;
		};
		5D7D747114B27E81005A3B28 /* Resources */ = {
			isa = PBXResourcesBuildPhase;
			buildActionMask = 2147483647;
			files = (
				5D7D747E14B27E81005A3B28 /* InfoPlist.strings in Resources */,
			);
			runOnlyForDeploymentPostprocessing = 0;
		};
/* End PBXResourcesBuildPhase section */

/* Begin PBXShellScriptBuildPhase section */
		5D7D747214B27E81005A3B28 /* ShellScript */ = {
			isa = PBXShellScriptBuildPhase;
			buildActionMask = 2147483647;
			files = (
			);
			inputPaths = (
			);
			outputPaths = (
			);
			runOnlyForDeploymentPostprocessing = 0;
			shellPath = /bin/sh;
			shellScript = "# Run the unit tests in this test bundle.\n\"${SYSTEM_DEVELOPER_DIR}/Tools/RunUnitTests\"\n";
		};
/* End PBXShellScriptBuildPhase section */

/* Begin PBXSourcesBuildPhase section */
		5D7D73FA14B25F45005A3B28 /* Sources */ = {
			isa = PBXSourcesBuildPhase;
			buildActionMask = 2147483647;
			files = (
				5D22915816C8613B00A290C5 /* NSMutableArray+Additions.m in Sources */,
				5D41DAFE15EA8F50001B5DF2 /* NSScanner+Additions.m in Sources */,
				5D7D741314B25F45005A3B28 /* main.m in Sources */,
				5D7D741714B25F45005A3B28 /* AppDelegate.m in Sources */,
				5D7D742414B25F46005A3B28 /* ViewController.m in Sources */,
				5D3906431613B25200BF3765 /* FileListViewController.m in Sources */,
				5DAF419E16474862003B1A19 /* NSObject+PerformBlock.m in Sources */,
				5DAF41A216475651003B1A19 /* UIBarButtonItem+DisplayMode.m in Sources */,
				5D78EFEE1657F70B00C235F5 /* UIView+Additions.m in Sources */,
				5D159D6316BB41EC007F75B0 /* LODManager.m in Sources */,
			);
			runOnlyForDeploymentPostprocessing = 0;
		};
		5D7D746014B27E55005A3B28 /* Sources */ = {
			isa = PBXSourcesBuildPhase;
			buildActionMask = 2147483647;
			files = (
				5D22915716C8612E00A290C5 /* NSMutableArray+Additions.m in Sources */,
				5D2F9ADA14B303CC005C81A9 /* OBJParser.m in Sources */,
				5D2F9ADE14B303EE005C81A9 /* Mesh.m in Sources */,
				B93CA49D14BA02710098FCCA /* GraphicObject.m in Sources */,
				5DF2E9C814E5B7FD00F81DEB /* Transform.m in Sources */,
				5D1F247014F5B2C300E551F0 /* Camera.m in Sources */,
				5D6FC80A15CF308600343C56 /* Material.m in Sources */,
				5D80B07F15D0B86500DA96E3 /* MaterialParser.m in Sources */,
				5D80B08415D0BCD200DA96E3 /* DataParser.m in Sources */,
				5D6A9B5D15E12C6000CFA58B /* Face3.m in Sources */,
				5D41DAF715EA7FC5001B5DF2 /* NSScanner+Additions.m in Sources */,
				5D1BEA1F15FD5015002C73ED /* MeshMaterial.m in Sources */,
				5D06347116C7BEC700D7CAEA /* ProgressiveMesh.m in Sources */,
				5D06347316C7C52700D7CAEA /* Vertex.m in Sources */,
			);
			runOnlyForDeploymentPostprocessing = 0;
		};
		5D7D746F14B27E81005A3B28 /* Sources */ = {
			isa = PBXSourcesBuildPhase;
			buildActionMask = 2147483647;
			files = (
				5D22915916C8614300A290C5 /* NSMutableArray+Additions.m in Sources */,
				5D41DB0715EAE55D001B5DF2 /* NSScanner+Additions.m in Sources */,
				5D2F9AD614B3038B005C81A9 /* OBJParserTests.m in Sources */,
				5D0DFDE315BF90930042AD07 /* GraphicObjectTests.m in Sources */,
			);
			runOnlyForDeploymentPostprocessing = 0;
		};
/* End PBXSourcesBuildPhase section */

/* Begin PBXTargetDependency section */
		5D353D5715CEB4BE0065F115 /* PBXTargetDependency */ = {
			isa = PBXTargetDependency;
			target = 5D7D746314B27E55005A3B28 /* iOBJCore */;
			targetProxy = 5D353D5615CEB4BE0065F115 /* PBXContainerItemProxy */;
		};
		5D353D5A15CEB4C50065F115 /* PBXTargetDependency */ = {
			isa = PBXTargetDependency;
			target = 5D7D746314B27E55005A3B28 /* iOBJCore */;
			targetProxy = 5D353D5915CEB4C50065F115 /* PBXContainerItemProxy */;
		};
/* End PBXTargetDependency section */

/* Begin PBXVariantGroup section */
		5D7D740F14B25F45005A3B28 /* InfoPlist.strings */ = {
			isa = PBXVariantGroup;
			children = (
				5D7D741014B25F45005A3B28 /* en */,
			);
			name = InfoPlist.strings;
			sourceTree = "<group>";
		};
		5D7D741814B25F46005A3B28 /* MainStoryboard_iPhone.storyboard */ = {
			isa = PBXVariantGroup;
			children = (
				5D7D741914B25F46005A3B28 /* en */,
			);
			name = MainStoryboard_iPhone.storyboard;
			sourceTree = "<group>";
		};
		5D7D741B14B25F46005A3B28 /* MainStoryboard_iPad.storyboard */ = {
			isa = PBXVariantGroup;
			children = (
				5D7D741C14B25F46005A3B28 /* en */,
			);
			name = MainStoryboard_iPad.storyboard;
			sourceTree = "<group>";
		};
		5D7D747C14B27E81005A3B28 /* InfoPlist.strings */ = {
			isa = PBXVariantGroup;
			children = (
				5D7D747D14B27E81005A3B28 /* en */,
			);
			name = InfoPlist.strings;
			sourceTree = "<group>";
		};
/* End PBXVariantGroup section */

/* Begin XCBuildConfiguration section */
		5D7D742514B25F46005A3B28 /* Debug */ = {
			isa = XCBuildConfiguration;
			buildSettings = {
				ALWAYS_SEARCH_USER_PATHS = NO;
				ARCHS = "$(ARCHS_STANDARD_32_BIT)";
				CLANG_ENABLE_OBJC_ARC = YES;
				CLANG_WARN_CONSTANT_CONVERSION = YES;
				CLANG_WARN_ENUM_CONVERSION = YES;
				CLANG_WARN_INT_CONVERSION = YES;
				CLANG_WARN__DUPLICATE_METHOD_MATCH = YES;
				"CODE_SIGN_IDENTITY[sdk=iphoneos*]" = "iPhone Developer";
				COPY_PHASE_STRIP = NO;
				GCC_C_LANGUAGE_STANDARD = gnu99;
				GCC_DYNAMIC_NO_PIC = NO;
				GCC_OPTIMIZATION_LEVEL = 0;
				GCC_PREPROCESSOR_DEFINITIONS = (
					"DEBUG=1",
					"$(inherited)",
				);
				GCC_SYMBOLS_PRIVATE_EXTERN = NO;
				GCC_VERSION = com.apple.compilers.llvm.clang.1_0;
				GCC_WARN_ABOUT_MISSING_PROTOTYPES = YES;
				GCC_WARN_ABOUT_RETURN_TYPE = YES;
				GCC_WARN_UNINITIALIZED_AUTOS = YES;
				GCC_WARN_UNUSED_VARIABLE = YES;
				IPHONEOS_DEPLOYMENT_TARGET = 5.1;
				SDKROOT = iphoneos;
				TARGETED_DEVICE_FAMILY = "1,2";
			};
			name = Debug;
		};
		5D7D742614B25F46005A3B28 /* Release */ = {
			isa = XCBuildConfiguration;
			buildSettings = {
				ALWAYS_SEARCH_USER_PATHS = NO;
				ARCHS = "$(ARCHS_STANDARD_32_BIT)";
				CLANG_ENABLE_OBJC_ARC = YES;
				CLANG_WARN_CONSTANT_CONVERSION = YES;
				CLANG_WARN_ENUM_CONVERSION = YES;
				CLANG_WARN_INT_CONVERSION = YES;
				CLANG_WARN__DUPLICATE_METHOD_MATCH = YES;
				"CODE_SIGN_IDENTITY[sdk=iphoneos*]" = "iPhone Developer";
				COPY_PHASE_STRIP = YES;
				GCC_C_LANGUAGE_STANDARD = gnu99;
				GCC_VERSION = com.apple.compilers.llvm.clang.1_0;
				GCC_WARN_ABOUT_MISSING_PROTOTYPES = YES;
				GCC_WARN_ABOUT_RETURN_TYPE = YES;
				GCC_WARN_UNINITIALIZED_AUTOS = YES;
				GCC_WARN_UNUSED_VARIABLE = YES;
				IPHONEOS_DEPLOYMENT_TARGET = 5.1;
				OTHER_CFLAGS = "-DNS_BLOCK_ASSERTIONS=1";
				SDKROOT = iphoneos;
				TARGETED_DEVICE_FAMILY = "1,2";
				VALIDATE_PRODUCT = YES;
			};
			name = Release;
		};
		5D7D742814B25F46005A3B28 /* Debug */ = {
			isa = XCBuildConfiguration;
			buildSettings = {
				FRAMEWORK_SEARCH_PATHS = (
					"$(inherited)",
					"\"$(DEVELOPER_FRAMEWORKS_DIR)\"",
				);
				GCC_PRECOMPILE_PREFIX_HEADER = YES;
				GCC_PREFIX_HEADER = "iOBJ/iOBJ-Prefix.pch";
				"GCC_THUMB_SUPPORT[arch=armv6]" = "";
				INFOPLIST_FILE = "iOBJ/iOBJ-Info.plist";
				IPHONEOS_DEPLOYMENT_TARGET = 6.0;
				PRODUCT_NAME = "$(TARGET_NAME)";
				WRAPPER_EXTENSION = app;
			};
			name = Debug;
		};
		5D7D742914B25F46005A3B28 /* Release */ = {
			isa = XCBuildConfiguration;
			buildSettings = {
				FRAMEWORK_SEARCH_PATHS = (
					"$(inherited)",
					"\"$(DEVELOPER_FRAMEWORKS_DIR)\"",
				);
				GCC_PRECOMPILE_PREFIX_HEADER = YES;
				GCC_PREFIX_HEADER = "iOBJ/iOBJ-Prefix.pch";
				"GCC_THUMB_SUPPORT[arch=armv6]" = "";
				INFOPLIST_FILE = "iOBJ/iOBJ-Info.plist";
				IPHONEOS_DEPLOYMENT_TARGET = 6.0;
				PRODUCT_NAME = "$(TARGET_NAME)";
				WRAPPER_EXTENSION = app;
			};
			name = Release;
		};
		5D7D746D14B27E56005A3B28 /* Debug */ = {
			isa = XCBuildConfiguration;
			buildSettings = {
				DSTROOT = /tmp/iOBJCore.dst;
				GCC_PRECOMPILE_PREFIX_HEADER = YES;
				GCC_PREFIX_HEADER = "iOBJCore/iOBJCore-Prefix.pch";
				OTHER_LDFLAGS = "-ObjC";
				PRODUCT_NAME = "$(TARGET_NAME)";
				SKIP_INSTALL = YES;
			};
			name = Debug;
		};
		5D7D746E14B27E56005A3B28 /* Release */ = {
			isa = XCBuildConfiguration;
			buildSettings = {
				DSTROOT = /tmp/iOBJCore.dst;
				GCC_PRECOMPILE_PREFIX_HEADER = YES;
				GCC_PREFIX_HEADER = "iOBJCore/iOBJCore-Prefix.pch";
				OTHER_LDFLAGS = "-ObjC";
				PRODUCT_NAME = "$(TARGET_NAME)";
				SKIP_INSTALL = YES;
			};
			name = Release;
		};
		5D7D748414B27E81005A3B28 /* Debug */ = {
			isa = XCBuildConfiguration;
			buildSettings = {
				FRAMEWORK_SEARCH_PATHS = (
					"$(SDKROOT)/Developer/Library/Frameworks",
					"$(DEVELOPER_LIBRARY_DIR)/Frameworks",
				);
				GCC_PRECOMPILE_PREFIX_HEADER = YES;
				GCC_PREFIX_HEADER = "iOBJTests/iOBJTests-Prefix.pch";
				INFOPLIST_FILE = "iOBJTests/iOBJTests-Info.plist";
				PRODUCT_NAME = "$(TARGET_NAME)";
				WRAPPER_EXTENSION = octest;
			};
			name = Debug;
		};
		5D7D748514B27E81005A3B28 /* Release */ = {
			isa = XCBuildConfiguration;
			buildSettings = {
				FRAMEWORK_SEARCH_PATHS = (
					"$(SDKROOT)/Developer/Library/Frameworks",
					"$(DEVELOPER_LIBRARY_DIR)/Frameworks",
				);
				GCC_PRECOMPILE_PREFIX_HEADER = YES;
				GCC_PREFIX_HEADER = "iOBJTests/iOBJTests-Prefix.pch";
				INFOPLIST_FILE = "iOBJTests/iOBJTests-Info.plist";
				PRODUCT_NAME = "$(TARGET_NAME)";
				WRAPPER_EXTENSION = octest;
			};
			name = Release;
		};
/* End XCBuildConfiguration section */

/* Begin XCConfigurationList section */
		5D7D73F814B25F45005A3B28 /* Build configuration list for PBXProject "iOBJ" */ = {
			isa = XCConfigurationList;
			buildConfigurations = (
				5D7D742514B25F46005A3B28 /* Debug */,
				5D7D742614B25F46005A3B28 /* Release */,
			);
			defaultConfigurationIsVisible = 0;
			defaultConfigurationName = Release;
		};
		5D7D742714B25F46005A3B28 /* Build configuration list for PBXNativeTarget "iOBJ" */ = {
			isa = XCConfigurationList;
			buildConfigurations = (
				5D7D742814B25F46005A3B28 /* Debug */,
				5D7D742914B25F46005A3B28 /* Release */,
			);
			defaultConfigurationIsVisible = 0;
			defaultConfigurationName = Release;
		};
		5D7D746C14B27E56005A3B28 /* Build configuration list for PBXNativeTarget "iOBJCore" */ = {
			isa = XCConfigurationList;
			buildConfigurations = (
				5D7D746D14B27E56005A3B28 /* Debug */,
				5D7D746E14B27E56005A3B28 /* Release */,
			);
			defaultConfigurationIsVisible = 0;
			defaultConfigurationName = Release;
		};
		5D7D748314B27E81005A3B28 /* Build configuration list for PBXNativeTarget "iOBJTests" */ = {
			isa = XCConfigurationList;
			buildConfigurations = (
				5D7D748414B27E81005A3B28 /* Debug */,
				5D7D748514B27E81005A3B28 /* Release */,
			);
			defaultConfigurationIsVisible = 0;
			defaultConfigurationName = Release;
		};
/* End XCConfigurationList section */
	};
	rootObject = 5D7D73F514B25F45005A3B28 /* Project object */;
}
